// !$*UTF8*$!
{
	archiveVersion = 1;
	classes = {
	};
	objectVersion = 56;
	objects = {

/* Begin PBXBuildFile section */
		7CC384412987C3D400447BB9 /* AppDelegate.swift in Sources */ = {isa = PBXBuildFile; fileRef = 7CC384402987C3D400447BB9 /* AppDelegate.swift */; };
		7CC384432987C3D400447BB9 /* SceneDelegate.swift in Sources */ = {isa = PBXBuildFile; fileRef = 7CC384422987C3D400447BB9 /* SceneDelegate.swift */; };
		7CC384462987C3D400447BB9 /* LaunchScreen.storyboard in Resources */ = {isa = PBXBuildFile; fileRef = 7CC384442987C3D400447BB9 /* LaunchScreen.storyboard */; };
		7CC384492987C3D400447BB9 /* Main.storyboard in Resources */ = {isa = PBXBuildFile; fileRef = 7CC384472987C3D400447BB9 /* Main.storyboard */; };
		7CC384522987C3D400447BB9 /* AppDelegate.swift in Sources */ = {isa = PBXBuildFile; fileRef = 7CC384512987C3D400447BB9 /* AppDelegate.swift */; };
		7CC384552987C3D400447BB9 /* Main.storyboard in Resources */ = {isa = PBXBuildFile; fileRef = 7CC384532987C3D400447BB9 /* Main.storyboard */; };
		7CC3845D2987C3D400447BB9 /* Search Assistant Extension.appex in Embed Foundation Extensions */ = {isa = PBXBuildFile; fileRef = 7CC3845C2987C3D400447BB9 /* Search Assistant Extension.appex */; settings = {ATTRIBUTES = (RemoveHeadersOnCopy, ); }; };
		7CC384672987C3D400447BB9 /* Search Assistant Extension.appex in Embed Foundation Extensions */ = {isa = PBXBuildFile; fileRef = 7CC384662987C3D400447BB9 /* Search Assistant Extension.appex */; settings = {ATTRIBUTES = (RemoveHeadersOnCopy, ); }; };
		7CC3846D2987C3D400447BB9 /* Main.html in Resources */ = {isa = PBXBuildFile; fileRef = 7CC384302987C3D400447BB9 /* Main.html */; };
		7CC3846E2987C3D400447BB9 /* Main.html in Resources */ = {isa = PBXBuildFile; fileRef = 7CC384302987C3D400447BB9 /* Main.html */; };
		7CC3846F2987C3D400447BB9 /* Icon.png in Resources */ = {isa = PBXBuildFile; fileRef = 7CC384322987C3D400447BB9 /* Icon.png */; };
		7CC384702987C3D400447BB9 /* Icon.png in Resources */ = {isa = PBXBuildFile; fileRef = 7CC384322987C3D400447BB9 /* Icon.png */; };
		7CC384712987C3D400447BB9 /* Style.css in Resources */ = {isa = PBXBuildFile; fileRef = 7CC384332987C3D400447BB9 /* Style.css */; };
		7CC384722987C3D400447BB9 /* Style.css in Resources */ = {isa = PBXBuildFile; fileRef = 7CC384332987C3D400447BB9 /* Style.css */; };
		7CC384732987C3D400447BB9 /* Script.js in Resources */ = {isa = PBXBuildFile; fileRef = 7CC384342987C3D400447BB9 /* Script.js */; };
		7CC384742987C3D400447BB9 /* Script.js in Resources */ = {isa = PBXBuildFile; fileRef = 7CC384342987C3D400447BB9 /* Script.js */; };
		7CC384752987C3D400447BB9 /* ViewController.swift in Sources */ = {isa = PBXBuildFile; fileRef = 7CC384352987C3D400447BB9 /* ViewController.swift */; };
		7CC384762987C3D400447BB9 /* ViewController.swift in Sources */ = {isa = PBXBuildFile; fileRef = 7CC384352987C3D400447BB9 /* ViewController.swift */; };
		7CC384772987C3D400447BB9 /* Assets.xcassets in Resources */ = {isa = PBXBuildFile; fileRef = 7CC384362987C3D400447BB9 /* Assets.xcassets */; };
		7CC384782987C3D400447BB9 /* Assets.xcassets in Resources */ = {isa = PBXBuildFile; fileRef = 7CC384362987C3D400447BB9 /* Assets.xcassets */; };
		7CC384792987C3D400447BB9 /* SafariWebExtensionHandler.swift in Sources */ = {isa = PBXBuildFile; fileRef = 7CC384382987C3D400447BB9 /* SafariWebExtensionHandler.swift */; };
		7CC3847A2987C3D400447BB9 /* SafariWebExtensionHandler.swift in Sources */ = {isa = PBXBuildFile; fileRef = 7CC384382987C3D400447BB9 /* SafariWebExtensionHandler.swift */; };
		7CC384A72987C3D500447BB9 /* vendors-node_modules_vechaiui_switch_dist_esm_switch_js-node_modules_classnames_index_js-node-62bb86.js in Resources */ = {isa = PBXBuildFile; fileRef = 7CC3848C2987C3D500447BB9 /* vendors-node_modules_vechaiui_switch_dist_esm_switch_js-node_modules_classnames_index_js-node-62bb86.js */; };
		7CC384A82987C3D500447BB9 /* icon.png in Resources */ = {isa = PBXBuildFile; fileRef = 7CC3848D2987C3D500447BB9 /* icon.png */; };
		7CC384A92987C3D500447BB9 /* search-13-32.png in Resources */ = {isa = PBXBuildFile; fileRef = 7CC3848E2987C3D500447BB9 /* search-13-32.png */; };
		7CC384AA2987C3D500447BB9 /* popup.js in Resources */ = {isa = PBXBuildFile; fileRef = 7CC3848F2987C3D500447BB9 /* popup.js */; };
		7CC384AB2987C3D500447BB9 /* background.js in Resources */ = {isa = PBXBuildFile; fileRef = 7CC384912987C3D500447BB9 /* background.js */; };
		7CC384AC2987C3D500447BB9 /* images in Resources */ = {isa = PBXBuildFile; fileRef = 7CC384932987C3D500447BB9 /* images */; };
		7CC384AD2987C3D500447BB9 /* popup.html in Resources */ = {isa = PBXBuildFile; fileRef = 7CC384952987C3D500447BB9 /* popup.html */; };
		7CC384AE2987C3D500447BB9 /* vendors-node_modules_css-loader_dist_runtime_api_js-node_modules_css-loader_dist_runtime_sour-b53f7e.js in Resources */ = {isa = PBXBuildFile; fileRef = 7CC384962987C3D500447BB9 /* vendors-node_modules_css-loader_dist_runtime_api_js-node_modules_css-loader_dist_runtime_sour-b53f7e.js */; };
		7CC384AF2987C3D500447BB9 /* options.js in Resources */ = {isa = PBXBuildFile; fileRef = 7CC384972987C3D500447BB9 /* options.js */; };
		7CC384B02987C3D500447BB9 /* vendors-node_modules_material-tailwind_react_index_js-node_modules_webextension-polyfill_dist-d38697.js in Resources */ = {isa = PBXBuildFile; fileRef = 7CC384992987C3D500447BB9 /* vendors-node_modules_material-tailwind_react_index_js-node_modules_webextension-polyfill_dist-d38697.js */; };
		7CC384B12987C3D500447BB9 /* vendors-node_modules_classnames_index_js-node_modules_webextension-polyfill_dist_browser-poly-ee8e6f.js in Resources */ = {isa = PBXBuildFile; fileRef = 7CC3849B2987C3D500447BB9 /* vendors-node_modules_classnames_index_js-node_modules_webextension-polyfill_dist_browser-poly-ee8e6f.js */; };
		7CC384B22987C3D500447BB9 /* src_styles_tailwind_scss.js in Resources */ = {isa = PBXBuildFile; fileRef = 7CC3849C2987C3D500447BB9 /* src_styles_tailwind_scss.js */; };
		7CC384B32987C3D500447BB9 /* search-13-48.png in Resources */ = {isa = PBXBuildFile; fileRef = 7CC3849E2987C3D500447BB9 /* search-13-48.png */; };
		7CC384B42987C3D500447BB9 /* manifest.json in Resources */ = {isa = PBXBuildFile; fileRef = 7CC3849F2987C3D500447BB9 /* manifest.json */; };
		7CC384B52987C3D500447BB9 /* search-13-128.png in Resources */ = {isa = PBXBuildFile; fileRef = 7CC384A02987C3D500447BB9 /* search-13-128.png */; };
		7CC384B62987C3D500447BB9 /* options.html in Resources */ = {isa = PBXBuildFile; fileRef = 7CC384A12987C3D500447BB9 /* options.html */; };
		7CC384B72987C3D500447BB9 /* search-13-16.png in Resources */ = {isa = PBXBuildFile; fileRef = 7CC384A42987C3D500447BB9 /* search-13-16.png */; };
		7CC384B82987C3D500447BB9 /* contentScript.js in Resources */ = {isa = PBXBuildFile; fileRef = 7CC384A62987C3D500447BB9 /* contentScript.js */; };
		7CC384B92987C3D500447BB9 /* vendors-node_modules_vechaiui_switch_dist_esm_switch_js-node_modules_classnames_index_js-node-62bb86.js in Resources */ = {isa = PBXBuildFile; fileRef = 7CC3848C2987C3D500447BB9 /* vendors-node_modules_vechaiui_switch_dist_esm_switch_js-node_modules_classnames_index_js-node-62bb86.js */; };
		7CC384BA2987C3D500447BB9 /* icon.png in Resources */ = {isa = PBXBuildFile; fileRef = 7CC3848D2987C3D500447BB9 /* icon.png */; };
		7CC384BB2987C3D500447BB9 /* search-13-32.png in Resources */ = {isa = PBXBuildFile; fileRef = 7CC3848E2987C3D500447BB9 /* search-13-32.png */; };
		7CC384BC2987C3D500447BB9 /* popup.js in Resources */ = {isa = PBXBuildFile; fileRef = 7CC3848F2987C3D500447BB9 /* popup.js */; };
		7CC384BD2987C3D500447BB9 /* background.js in Resources */ = {isa = PBXBuildFile; fileRef = 7CC384912987C3D500447BB9 /* background.js */; };
		7CC384BE2987C3D500447BB9 /* images in Resources */ = {isa = PBXBuildFile; fileRef = 7CC384932987C3D500447BB9 /* images */; };
		7CC384BF2987C3D500447BB9 /* popup.html in Resources */ = {isa = PBXBuildFile; fileRef = 7CC384952987C3D500447BB9 /* popup.html */; };
		7CC384C02987C3D500447BB9 /* vendors-node_modules_css-loader_dist_runtime_api_js-node_modules_css-loader_dist_runtime_sour-b53f7e.js in Resources */ = {isa = PBXBuildFile; fileRef = 7CC384962987C3D500447BB9 /* vendors-node_modules_css-loader_dist_runtime_api_js-node_modules_css-loader_dist_runtime_sour-b53f7e.js */; };
		7CC384C12987C3D500447BB9 /* options.js in Resources */ = {isa = PBXBuildFile; fileRef = 7CC384972987C3D500447BB9 /* options.js */; };
		7CC384C22987C3D500447BB9 /* vendors-node_modules_material-tailwind_react_index_js-node_modules_webextension-polyfill_dist-d38697.js in Resources */ = {isa = PBXBuildFile; fileRef = 7CC384992987C3D500447BB9 /* vendors-node_modules_material-tailwind_react_index_js-node_modules_webextension-polyfill_dist-d38697.js */; };
		7CC384C32987C3D500447BB9 /* vendors-node_modules_classnames_index_js-node_modules_webextension-polyfill_dist_browser-poly-ee8e6f.js in Resources */ = {isa = PBXBuildFile; fileRef = 7CC3849B2987C3D500447BB9 /* vendors-node_modules_classnames_index_js-node_modules_webextension-polyfill_dist_browser-poly-ee8e6f.js */; };
		7CC384C42987C3D500447BB9 /* src_styles_tailwind_scss.js in Resources */ = {isa = PBXBuildFile; fileRef = 7CC3849C2987C3D500447BB9 /* src_styles_tailwind_scss.js */; };
		7CC384C52987C3D500447BB9 /* search-13-48.png in Resources */ = {isa = PBXBuildFile; fileRef = 7CC3849E2987C3D500447BB9 /* search-13-48.png */; };
		7CC384C62987C3D500447BB9 /* manifest.json in Resources */ = {isa = PBXBuildFile; fileRef = 7CC3849F2987C3D500447BB9 /* manifest.json */; };
		7CC384C72987C3D500447BB9 /* search-13-128.png in Resources */ = {isa = PBXBuildFile; fileRef = 7CC384A02987C3D500447BB9 /* search-13-128.png */; };
		7CC384C82987C3D500447BB9 /* options.html in Resources */ = {isa = PBXBuildFile; fileRef = 7CC384A12987C3D500447BB9 /* options.html */; };
		7CC384C92987C3D500447BB9 /* search-13-16.png in Resources */ = {isa = PBXBuildFile; fileRef = 7CC384A42987C3D500447BB9 /* search-13-16.png */; };
		7CC384CA2987C3D500447BB9 /* contentScript.js in Resources */ = {isa = PBXBuildFile; fileRef = 7CC384A62987C3D500447BB9 /* contentScript.js */; };
/* End PBXBuildFile section */

/* Begin PBXContainerItemProxy section */
		7CC3845E2987C3D400447BB9 /* PBXContainerItemProxy */ = {
			isa = PBXContainerItemProxy;
			containerPortal = 7CC3842A2987C3D400447BB9 /* Project object */;
			proxyType = 1;
			remoteGlobalIDString = 7CC3845B2987C3D400447BB9;
			remoteInfo = "Search Assistant Extension (iOS)";
		};
		7CC384682987C3D400447BB9 /* PBXContainerItemProxy */ = {
			isa = PBXContainerItemProxy;
			containerPortal = 7CC3842A2987C3D400447BB9 /* Project object */;
			proxyType = 1;
			remoteGlobalIDString = 7CC384652987C3D400447BB9;
			remoteInfo = "Search Assistant Extension (macOS)";
		};
/* End PBXContainerItemProxy section */

/* Begin PBXCopyFilesBuildPhase section */
		7CC384802987C3D400447BB9 /* Embed Foundation Extensions */ = {
			isa = PBXCopyFilesBuildPhase;
			buildActionMask = 2147483647;
			dstPath = "";
			dstSubfolderSpec = 13;
			files = (
				7CC3845D2987C3D400447BB9 /* Search Assistant Extension.appex in Embed Foundation Extensions */,
			);
			name = "Embed Foundation Extensions";
			runOnlyForDeploymentPostprocessing = 0;
		};
		7CC384872987C3D400447BB9 /* Embed Foundation Extensions */ = {
			isa = PBXCopyFilesBuildPhase;
			buildActionMask = 2147483647;
			dstPath = "";
			dstSubfolderSpec = 13;
			files = (
				7CC384672987C3D400447BB9 /* Search Assistant Extension.appex in Embed Foundation Extensions */,
			);
			name = "Embed Foundation Extensions";
			runOnlyForDeploymentPostprocessing = 0;
		};
/* End PBXCopyFilesBuildPhase section */

/* Begin PBXFileReference section */
		7CC384312987C3D400447BB9 /* Base */ = {isa = PBXFileReference; lastKnownFileType = text.html; name = Base; path = ../Base.lproj/Main.html; sourceTree = "<group>"; };
		7CC384322987C3D400447BB9 /* Icon.png */ = {isa = PBXFileReference; lastKnownFileType = image.png; path = Icon.png; sourceTree = "<group>"; };
		7CC384332987C3D400447BB9 /* Style.css */ = {isa = PBXFileReference; lastKnownFileType = text.css; path = Style.css; sourceTree = "<group>"; };
		7CC384342987C3D400447BB9 /* Script.js */ = {isa = PBXFileReference; lastKnownFileType = sourcecode.javascript; path = Script.js; sourceTree = "<group>"; };
		7CC384352987C3D400447BB9 /* ViewController.swift */ = {isa = PBXFileReference; lastKnownFileType = sourcecode.swift; path = ViewController.swift; sourceTree = "<group>"; };
		7CC384362987C3D400447BB9 /* Assets.xcassets */ = {isa = PBXFileReference; lastKnownFileType = folder.assetcatalog; path = Assets.xcassets; sourceTree = "<group>"; };
		7CC384382987C3D400447BB9 /* SafariWebExtensionHandler.swift */ = {isa = PBXFileReference; lastKnownFileType = sourcecode.swift; path = SafariWebExtensionHandler.swift; sourceTree = "<group>"; };
		7CC3843D2987C3D400447BB9 /* Search Assistant.app */ = {isa = PBXFileReference; explicitFileType = wrapper.application; includeInIndex = 0; path = "Search Assistant.app"; sourceTree = BUILT_PRODUCTS_DIR; };
		7CC384402987C3D400447BB9 /* AppDelegate.swift */ = {isa = PBXFileReference; lastKnownFileType = sourcecode.swift; path = AppDelegate.swift; sourceTree = "<group>"; };
		7CC384422987C3D400447BB9 /* SceneDelegate.swift */ = {isa = PBXFileReference; lastKnownFileType = sourcecode.swift; path = SceneDelegate.swift; sourceTree = "<group>"; };
		7CC384452987C3D400447BB9 /* Base */ = {isa = PBXFileReference; lastKnownFileType = file.storyboard; name = Base; path = Base.lproj/LaunchScreen.storyboard; sourceTree = "<group>"; };
		7CC384482987C3D400447BB9 /* Base */ = {isa = PBXFileReference; lastKnownFileType = file.storyboard; name = Base; path = Base.lproj/Main.storyboard; sourceTree = "<group>"; };
		7CC3844A2987C3D400447BB9 /* Info.plist */ = {isa = PBXFileReference; lastKnownFileType = text.plist.xml; path = Info.plist; sourceTree = "<group>"; };
		7CC3844F2987C3D400447BB9 /* Search Assistant.app */ = {isa = PBXFileReference; explicitFileType = wrapper.application; includeInIndex = 0; path = "Search Assistant.app"; sourceTree = BUILT_PRODUCTS_DIR; };
		7CC384512987C3D400447BB9 /* AppDelegate.swift */ = {isa = PBXFileReference; lastKnownFileType = sourcecode.swift; path = AppDelegate.swift; sourceTree = "<group>"; };
		7CC384542987C3D400447BB9 /* Base */ = {isa = PBXFileReference; lastKnownFileType = file.storyboard; name = Base; path = Base.lproj/Main.storyboard; sourceTree = "<group>"; };
		7CC384562987C3D400447BB9 /* Info.plist */ = {isa = PBXFileReference; lastKnownFileType = text.plist.xml; path = Info.plist; sourceTree = "<group>"; };
		7CC384572987C3D400447BB9 /* Search Assistant.entitlements */ = {isa = PBXFileReference; lastKnownFileType = text.plist.entitlements; path = "Search Assistant.entitlements"; sourceTree = "<group>"; };
		7CC3845C2987C3D400447BB9 /* Search Assistant Extension.appex */ = {isa = PBXFileReference; explicitFileType = "wrapper.app-extension"; includeInIndex = 0; path = "Search Assistant Extension.appex"; sourceTree = BUILT_PRODUCTS_DIR; };
		7CC384612987C3D400447BB9 /* Info.plist */ = {isa = PBXFileReference; lastKnownFileType = text.plist.xml; path = Info.plist; sourceTree = "<group>"; };
		7CC384662987C3D400447BB9 /* Search Assistant Extension.appex */ = {isa = PBXFileReference; explicitFileType = "wrapper.app-extension"; includeInIndex = 0; path = "Search Assistant Extension.appex"; sourceTree = BUILT_PRODUCTS_DIR; };
		7CC3846B2987C3D400447BB9 /* Info.plist */ = {isa = PBXFileReference; lastKnownFileType = text.plist.xml; path = Info.plist; sourceTree = "<group>"; };
		7CC3846C2987C3D400447BB9 /* Search Assistant.entitlements */ = {isa = PBXFileReference; lastKnownFileType = text.plist.entitlements; path = "Search Assistant.entitlements"; sourceTree = "<group>"; };
		7CC3848C2987C3D500447BB9 /* vendors-node_modules_vechaiui_switch_dist_esm_switch_js-node_modules_classnames_index_js-node-62bb86.js */ = {isa = PBXFileReference; lastKnownFileType = sourcecode.javascript; name = "vendors-node_modules_vechaiui_switch_dist_esm_switch_js-node_modules_classnames_index_js-node-62bb86.js"; path = "../../dist/vendors-node_modules_vechaiui_switch_dist_esm_switch_js-node_modules_classnames_index_js-node-62bb86.js"; sourceTree = "<group>"; };
		7CC3848D2987C3D500447BB9 /* icon.png */ = {isa = PBXFileReference; lastKnownFileType = image.png; name = icon.png; path = ../../dist/icon.png; sourceTree = "<group>"; };
		7CC3848E2987C3D500447BB9 /* search-13-32.png */ = {isa = PBXFileReference; lastKnownFileType = image.png; name = "search-13-32.png"; path = "../../dist/search-13-32.png"; sourceTree = "<group>"; };
		7CC3848F2987C3D500447BB9 /* popup.js */ = {isa = PBXFileReference; lastKnownFileType = sourcecode.javascript; name = popup.js; path = ../../dist/popup.js; sourceTree = "<group>"; };
		7CC384902987C3D500447BB9 /* popup.js.map */ = {isa = PBXFileReference; lastKnownFileType = "sourcecode.module-map"; name = popup.js.map; path = ../../dist/popup.js.map; sourceTree = "<group>"; };
		7CC384912987C3D500447BB9 /* background.js */ = {isa = PBXFileReference; lastKnownFileType = sourcecode.javascript; name = background.js; path = ../../dist/background.js; sourceTree = "<group>"; };
		7CC384922987C3D500447BB9 /* vendors-node_modules_vechaiui_switch_dist_esm_switch_js-node_modules_classnames_index_js-node-62bb86.js.map */ = {isa = PBXFileReference; lastKnownFileType = "sourcecode.module-map"; name = "vendors-node_modules_vechaiui_switch_dist_esm_switch_js-node_modules_classnames_index_js-node-62bb86.js.map"; path = "../../dist/vendors-node_modules_vechaiui_switch_dist_esm_switch_js-node_modules_classnames_index_js-node-62bb86.js.map"; sourceTree = "<group>"; };
		7CC384932987C3D500447BB9 /* images */ = {isa = PBXFileReference; lastKnownFileType = folder; name = images; path = ../../dist/images; sourceTree = "<group>"; };
		7CC384942987C3D500447BB9 /* vendors-node_modules_css-loader_dist_runtime_api_js-node_modules_css-loader_dist_runtime_sour-b53f7e.js.map */ = {isa = PBXFileReference; lastKnownFileType = "sourcecode.module-map"; name = "vendors-node_modules_css-loader_dist_runtime_api_js-node_modules_css-loader_dist_runtime_sour-b53f7e.js.map"; path = "../../dist/vendors-node_modules_css-loader_dist_runtime_api_js-node_modules_css-loader_dist_runtime_sour-b53f7e.js.map"; sourceTree = "<group>"; };
		7CC384952987C3D500447BB9 /* popup.html */ = {isa = PBXFileReference; lastKnownFileType = text.html; name = popup.html; path = ../../dist/popup.html; sourceTree = "<group>"; };
		7CC384962987C3D500447BB9 /* vendors-node_modules_css-loader_dist_runtime_api_js-node_modules_css-loader_dist_runtime_sour-b53f7e.js */ = {isa = PBXFileReference; lastKnownFileType = sourcecode.javascript; name = "vendors-node_modules_css-loader_dist_runtime_api_js-node_modules_css-loader_dist_runtime_sour-b53f7e.js"; path = "../../dist/vendors-node_modules_css-loader_dist_runtime_api_js-node_modules_css-loader_dist_runtime_sour-b53f7e.js"; sourceTree = "<group>"; };
		7CC384972987C3D500447BB9 /* options.js */ = {isa = PBXFileReference; lastKnownFileType = sourcecode.javascript; name = options.js; path = ../../dist/options.js; sourceTree = "<group>"; };
		7CC384982987C3D500447BB9 /* src_styles_tailwind_scss.js.map */ = {isa = PBXFileReference; lastKnownFileType = "sourcecode.module-map"; name = src_styles_tailwind_scss.js.map; path = ../../dist/src_styles_tailwind_scss.js.map; sourceTree = "<group>"; };
		7CC384992987C3D500447BB9 /* vendors-node_modules_material-tailwind_react_index_js-node_modules_webextension-polyfill_dist-d38697.js */ = {isa = PBXFileReference; lastKnownFileType = sourcecode.javascript; name = "vendors-node_modules_material-tailwind_react_index_js-node_modules_webextension-polyfill_dist-d38697.js"; path = "../../dist/vendors-node_modules_material-tailwind_react_index_js-node_modules_webextension-polyfill_dist-d38697.js"; sourceTree = "<group>"; };
		7CC3849A2987C3D500447BB9 /* options.js.map */ = {isa = PBXFileReference; lastKnownFileType = "sourcecode.module-map"; name = options.js.map; path = ../../dist/options.js.map; sourceTree = "<group>"; };
		7CC3849B2987C3D500447BB9 /* vendors-node_modules_classnames_index_js-node_modules_webextension-polyfill_dist_browser-poly-ee8e6f.js */ = {isa = PBXFileReference; lastKnownFileType = sourcecode.javascript; name = "vendors-node_modules_classnames_index_js-node_modules_webextension-polyfill_dist_browser-poly-ee8e6f.js"; path = "../../dist/vendors-node_modules_classnames_index_js-node_modules_webextension-polyfill_dist_browser-poly-ee8e6f.js"; sourceTree = "<group>"; };
		7CC3849C2987C3D500447BB9 /* src_styles_tailwind_scss.js */ = {isa = PBXFileReference; lastKnownFileType = sourcecode.javascript; name = src_styles_tailwind_scss.js; path = ../../dist/src_styles_tailwind_scss.js; sourceTree = "<group>"; };
		7CC3849D2987C3D500447BB9 /* vendors-node_modules_classnames_index_js-node_modules_webextension-polyfill_dist_browser-poly-ee8e6f.js.map */ = {isa = PBXFileReference; lastKnownFileType = "sourcecode.module-map"; name = "vendors-node_modules_classnames_index_js-node_modules_webextension-polyfill_dist_browser-poly-ee8e6f.js.map"; path = "../../dist/vendors-node_modules_classnames_index_js-node_modules_webextension-polyfill_dist_browser-poly-ee8e6f.js.map"; sourceTree = "<group>"; };
		7CC3849E2987C3D500447BB9 /* search-13-48.png */ = {isa = PBXFileReference; lastKnownFileType = image.png; name = "search-13-48.png"; path = "../../dist/search-13-48.png"; sourceTree = "<group>"; };
		7CC3849F2987C3D500447BB9 /* manifest.json */ = {isa = PBXFileReference; lastKnownFileType = text.json; name = manifest.json; path = ../../dist/manifest.json; sourceTree = "<group>"; };
		7CC384A02987C3D500447BB9 /* search-13-128.png */ = {isa = PBXFileReference; lastKnownFileType = image.png; name = "search-13-128.png"; path = "../../dist/search-13-128.png"; sourceTree = "<group>"; };
		7CC384A12987C3D500447BB9 /* options.html */ = {isa = PBXFileReference; lastKnownFileType = text.html; name = options.html; path = ../../dist/options.html; sourceTree = "<group>"; };
		7CC384A22987C3D500447BB9 /* background.js.map */ = {isa = PBXFileReference; lastKnownFileType = "sourcecode.module-map"; name = background.js.map; path = ../../dist/background.js.map; sourceTree = "<group>"; };
		7CC384A32987C3D500447BB9 /* contentScript.js.map */ = {isa = PBXFileReference; lastKnownFileType = "sourcecode.module-map"; name = contentScript.js.map; path = ../../dist/contentScript.js.map; sourceTree = "<group>"; };
		7CC384A42987C3D500447BB9 /* search-13-16.png */ = {isa = PBXFileReference; lastKnownFileType = image.png; name = "search-13-16.png"; path = "../../dist/search-13-16.png"; sourceTree = "<group>"; };
		7CC384A52987C3D500447BB9 /* vendors-node_modules_material-tailwind_react_index_js-node_modules_webextension-polyfill_dist-d38697.js.map */ = {isa = PBXFileReference; lastKnownFileType = "sourcecode.module-map"; name = "vendors-node_modules_material-tailwind_react_index_js-node_modules_webextension-polyfill_dist-d38697.js.map"; path = "../../dist/vendors-node_modules_material-tailwind_react_index_js-node_modules_webextension-polyfill_dist-d38697.js.map"; sourceTree = "<group>"; };
		7CC384A62987C3D500447BB9 /* contentScript.js */ = {isa = PBXFileReference; lastKnownFileType = sourcecode.javascript; name = contentScript.js; path = ../../dist/contentScript.js; sourceTree = "<group>"; };
/* End PBXFileReference section */

/* Begin PBXFrameworksBuildPhase section */
		7CC3843A2987C3D400447BB9 /* Frameworks */ = {
			isa = PBXFrameworksBuildPhase;
			buildActionMask = 2147483647;
			files = (
			);
			runOnlyForDeploymentPostprocessing = 0;
		};
		7CC3844C2987C3D400447BB9 /* Frameworks */ = {
			isa = PBXFrameworksBuildPhase;
			buildActionMask = 2147483647;
			files = (
			);
			runOnlyForDeploymentPostprocessing = 0;
		};
		7CC384592987C3D400447BB9 /* Frameworks */ = {
			isa = PBXFrameworksBuildPhase;
			buildActionMask = 2147483647;
			files = (
			);
			runOnlyForDeploymentPostprocessing = 0;
		};
		7CC384632987C3D400447BB9 /* Frameworks */ = {
			isa = PBXFrameworksBuildPhase;
			buildActionMask = 2147483647;
			files = (
			);
			runOnlyForDeploymentPostprocessing = 0;
		};
/* End PBXFrameworksBuildPhase section */

/* Begin PBXGroup section */
		7CC384292987C3D400447BB9 = {
			isa = PBXGroup;
			children = (
				7CC3842E2987C3D400447BB9 /* Shared (App) */,
				7CC384372987C3D400447BB9 /* Shared (Extension) */,
				7CC3843F2987C3D400447BB9 /* iOS (App) */,
				7CC384502987C3D400447BB9 /* macOS (App) */,
				7CC384602987C3D400447BB9 /* iOS (Extension) */,
				7CC3846A2987C3D400447BB9 /* macOS (Extension) */,
				7CC3843E2987C3D400447BB9 /* Products */,
			);
			sourceTree = "<group>";
		};
		7CC3842E2987C3D400447BB9 /* Shared (App) */ = {
			isa = PBXGroup;
			children = (
				7CC384352987C3D400447BB9 /* ViewController.swift */,
				7CC384362987C3D400447BB9 /* Assets.xcassets */,
				7CC3842F2987C3D400447BB9 /* Resources */,
			);
			path = "Shared (App)";
			sourceTree = "<group>";
		};
		7CC3842F2987C3D400447BB9 /* Resources */ = {
			isa = PBXGroup;
			children = (
				7CC384302987C3D400447BB9 /* Main.html */,
				7CC384322987C3D400447BB9 /* Icon.png */,
				7CC384332987C3D400447BB9 /* Style.css */,
				7CC384342987C3D400447BB9 /* Script.js */,
			);
			path = Resources;
			sourceTree = "<group>";
		};
		7CC384372987C3D400447BB9 /* Shared (Extension) */ = {
			isa = PBXGroup;
			children = (
				7CC3848B2987C3D500447BB9 /* Resources */,
				7CC384382987C3D400447BB9 /* SafariWebExtensionHandler.swift */,
			);
			path = "Shared (Extension)";
			sourceTree = "<group>";
		};
		7CC3843E2987C3D400447BB9 /* Products */ = {
			isa = PBXGroup;
			children = (
				7CC3843D2987C3D400447BB9 /* Search Assistant.app */,
				7CC3844F2987C3D400447BB9 /* Search Assistant.app */,
				7CC3845C2987C3D400447BB9 /* Search Assistant Extension.appex */,
				7CC384662987C3D400447BB9 /* Search Assistant Extension.appex */,
			);
			name = Products;
			sourceTree = "<group>";
		};
		7CC3843F2987C3D400447BB9 /* iOS (App) */ = {
			isa = PBXGroup;
			children = (
				7CC384402987C3D400447BB9 /* AppDelegate.swift */,
				7CC384422987C3D400447BB9 /* SceneDelegate.swift */,
				7CC384442987C3D400447BB9 /* LaunchScreen.storyboard */,
				7CC384472987C3D400447BB9 /* Main.storyboard */,
				7CC3844A2987C3D400447BB9 /* Info.plist */,
			);
			path = "iOS (App)";
			sourceTree = "<group>";
		};
		7CC384502987C3D400447BB9 /* macOS (App) */ = {
			isa = PBXGroup;
			children = (
				7CC384512987C3D400447BB9 /* AppDelegate.swift */,
				7CC384532987C3D400447BB9 /* Main.storyboard */,
				7CC384562987C3D400447BB9 /* Info.plist */,
				7CC384572987C3D400447BB9 /* Search Assistant.entitlements */,
			);
			path = "macOS (App)";
			sourceTree = "<group>";
		};
		7CC384602987C3D400447BB9 /* iOS (Extension) */ = {
			isa = PBXGroup;
			children = (
				7CC384612987C3D400447BB9 /* Info.plist */,
			);
			path = "iOS (Extension)";
			sourceTree = "<group>";
		};
		7CC3846A2987C3D400447BB9 /* macOS (Extension) */ = {
			isa = PBXGroup;
			children = (
				7CC3846B2987C3D400447BB9 /* Info.plist */,
				7CC3846C2987C3D400447BB9 /* Search Assistant.entitlements */,
			);
			path = "macOS (Extension)";
			sourceTree = "<group>";
		};
		7CC3848B2987C3D500447BB9 /* Resources */ = {
			isa = PBXGroup;
			children = (
				7CC3848C2987C3D500447BB9 /* vendors-node_modules_vechaiui_switch_dist_esm_switch_js-node_modules_classnames_index_js-node-62bb86.js */,
				7CC3848D2987C3D500447BB9 /* icon.png */,
				7CC3848E2987C3D500447BB9 /* search-13-32.png */,
				7CC3848F2987C3D500447BB9 /* popup.js */,
				7CC384902987C3D500447BB9 /* popup.js.map */,
				7CC384912987C3D500447BB9 /* background.js */,
				7CC384922987C3D500447BB9 /* vendors-node_modules_vechaiui_switch_dist_esm_switch_js-node_modules_classnames_index_js-node-62bb86.js.map */,
				7CC384932987C3D500447BB9 /* images */,
				7CC384942987C3D500447BB9 /* vendors-node_modules_css-loader_dist_runtime_api_js-node_modules_css-loader_dist_runtime_sour-b53f7e.js.map */,
				7CC384952987C3D500447BB9 /* popup.html */,
				7CC384962987C3D500447BB9 /* vendors-node_modules_css-loader_dist_runtime_api_js-node_modules_css-loader_dist_runtime_sour-b53f7e.js */,
				7CC384972987C3D500447BB9 /* options.js */,
				7CC384982987C3D500447BB9 /* src_styles_tailwind_scss.js.map */,
				7CC384992987C3D500447BB9 /* vendors-node_modules_material-tailwind_react_index_js-node_modules_webextension-polyfill_dist-d38697.js */,
				7CC3849A2987C3D500447BB9 /* options.js.map */,
				7CC3849B2987C3D500447BB9 /* vendors-node_modules_classnames_index_js-node_modules_webextension-polyfill_dist_browser-poly-ee8e6f.js */,
				7CC3849C2987C3D500447BB9 /* src_styles_tailwind_scss.js */,
				7CC3849D2987C3D500447BB9 /* vendors-node_modules_classnames_index_js-node_modules_webextension-polyfill_dist_browser-poly-ee8e6f.js.map */,
				7CC3849E2987C3D500447BB9 /* search-13-48.png */,
				7CC3849F2987C3D500447BB9 /* manifest.json */,
				7CC384A02987C3D500447BB9 /* search-13-128.png */,
				7CC384A12987C3D500447BB9 /* options.html */,
				7CC384A22987C3D500447BB9 /* background.js.map */,
				7CC384A32987C3D500447BB9 /* contentScript.js.map */,
				7CC384A42987C3D500447BB9 /* search-13-16.png */,
				7CC384A52987C3D500447BB9 /* vendors-node_modules_material-tailwind_react_index_js-node_modules_webextension-polyfill_dist-d38697.js.map */,
				7CC384A62987C3D500447BB9 /* contentScript.js */,
			);
			name = Resources;
			path = "Shared (Extension)";
			sourceTree = SOURCE_ROOT;
		};
/* End PBXGroup section */

/* Begin PBXNativeTarget section */
		7CC3843C2987C3D400447BB9 /* Search Assistant (iOS) */ = {
			isa = PBXNativeTarget;
			buildConfigurationList = 7CC384812987C3D400447BB9 /* Build configuration list for PBXNativeTarget "Search Assistant (iOS)" */;
			buildPhases = (
				7CC384392987C3D400447BB9 /* Sources */,
				7CC3843A2987C3D400447BB9 /* Frameworks */,
				7CC3843B2987C3D400447BB9 /* Resources */,
				7CC384802987C3D400447BB9 /* Embed Foundation Extensions */,
			);
			buildRules = (
			);
			dependencies = (
				7CC3845F2987C3D400447BB9 /* PBXTargetDependency */,
			);
			name = "Search Assistant (iOS)";
			productName = "Search Assistant (iOS)";
			productReference = 7CC3843D2987C3D400447BB9 /* Search Assistant.app */;
			productType = "com.apple.product-type.application";
		};
		7CC3844E2987C3D400447BB9 /* Search Assistant (macOS) */ = {
			isa = PBXNativeTarget;
			buildConfigurationList = 7CC384882987C3D400447BB9 /* Build configuration list for PBXNativeTarget "Search Assistant (macOS)" */;
			buildPhases = (
				7CC3844B2987C3D400447BB9 /* Sources */,
				7CC3844C2987C3D400447BB9 /* Frameworks */,
				7CC3844D2987C3D400447BB9 /* Resources */,
				7CC384872987C3D400447BB9 /* Embed Foundation Extensions */,
			);
			buildRules = (
			);
			dependencies = (
				7CC384692987C3D400447BB9 /* PBXTargetDependency */,
			);
			name = "Search Assistant (macOS)";
			productName = "Search Assistant (macOS)";
			productReference = 7CC3844F2987C3D400447BB9 /* Search Assistant.app */;
			productType = "com.apple.product-type.application";
		};
		7CC3845B2987C3D400447BB9 /* Search Assistant Extension (iOS) */ = {
			isa = PBXNativeTarget;
			buildConfigurationList = 7CC3847D2987C3D400447BB9 /* Build configuration list for PBXNativeTarget "Search Assistant Extension (iOS)" */;
			buildPhases = (
				7CC384582987C3D400447BB9 /* Sources */,
				7CC384592987C3D400447BB9 /* Frameworks */,
				7CC3845A2987C3D400447BB9 /* Resources */,
			);
			buildRules = (
			);
			dependencies = (
			);
			name = "Search Assistant Extension (iOS)";
			productName = "Search Assistant Extension (iOS)";
			productReference = 7CC3845C2987C3D400447BB9 /* Search Assistant Extension.appex */;
			productType = "com.apple.product-type.app-extension";
		};
		7CC384652987C3D400447BB9 /* Search Assistant Extension (macOS) */ = {
			isa = PBXNativeTarget;
			buildConfigurationList = 7CC384842987C3D400447BB9 /* Build configuration list for PBXNativeTarget "Search Assistant Extension (macOS)" */;
			buildPhases = (
				7CC384622987C3D400447BB9 /* Sources */,
				7CC384632987C3D400447BB9 /* Frameworks */,
				7CC384642987C3D400447BB9 /* Resources */,
			);
			buildRules = (
			);
			dependencies = (
			);
			name = "Search Assistant Extension (macOS)";
			productName = "Search Assistant Extension (macOS)";
			productReference = 7CC384662987C3D400447BB9 /* Search Assistant Extension.appex */;
			productType = "com.apple.product-type.app-extension";
		};
/* End PBXNativeTarget section */

/* Begin PBXProject section */
		7CC3842A2987C3D400447BB9 /* Project object */ = {
			isa = PBXProject;
			attributes = {
				BuildIndependentTargetsInParallel = 1;
				LastSwiftUpdateCheck = 1420;
				LastUpgradeCheck = 1420;
				TargetAttributes = {
					7CC3843C2987C3D400447BB9 = {
						CreatedOnToolsVersion = 14.2;
					};
					7CC3844E2987C3D400447BB9 = {
						CreatedOnToolsVersion = 14.2;
					};
					7CC3845B2987C3D400447BB9 = {
						CreatedOnToolsVersion = 14.2;
					};
					7CC384652987C3D400447BB9 = {
						CreatedOnToolsVersion = 14.2;
					};
				};
			};
			buildConfigurationList = 7CC3842D2987C3D400447BB9 /* Build configuration list for PBXProject "Search Assistant" */;
			compatibilityVersion = "Xcode 14.0";
			developmentRegion = en;
			hasScannedForEncodings = 0;
			knownRegions = (
				en,
				Base,
			);
			mainGroup = 7CC384292987C3D400447BB9;
			productRefGroup = 7CC3843E2987C3D400447BB9 /* Products */;
			projectDirPath = "";
			projectRoot = "";
			targets = (
				7CC3843C2987C3D400447BB9 /* Search Assistant (iOS) */,
				7CC3844E2987C3D400447BB9 /* Search Assistant (macOS) */,
				7CC3845B2987C3D400447BB9 /* Search Assistant Extension (iOS) */,
				7CC384652987C3D400447BB9 /* Search Assistant Extension (macOS) */,
			);
		};
/* End PBXProject section */

/* Begin PBXResourcesBuildPhase section */
		7CC3843B2987C3D400447BB9 /* Resources */ = {
			isa = PBXResourcesBuildPhase;
			buildActionMask = 2147483647;
			files = (
				7CC3846F2987C3D400447BB9 /* Icon.png in Resources */,
				7CC384462987C3D400447BB9 /* LaunchScreen.storyboard in Resources */,
				7CC3846D2987C3D400447BB9 /* Main.html in Resources */,
				7CC384732987C3D400447BB9 /* Script.js in Resources */,
				7CC384772987C3D400447BB9 /* Assets.xcassets in Resources */,
				7CC384492987C3D400447BB9 /* Main.storyboard in Resources */,
				7CC384712987C3D400447BB9 /* Style.css in Resources */,
			);
			runOnlyForDeploymentPostprocessing = 0;
		};
		7CC3844D2987C3D400447BB9 /* Resources */ = {
			isa = PBXResourcesBuildPhase;
			buildActionMask = 2147483647;
			files = (
				7CC384702987C3D400447BB9 /* Icon.png in Resources */,
				7CC384722987C3D400447BB9 /* Style.css in Resources */,
				7CC384552987C3D400447BB9 /* Main.storyboard in Resources */,
				7CC384742987C3D400447BB9 /* Script.js in Resources */,
				7CC384782987C3D400447BB9 /* Assets.xcassets in Resources */,
				7CC3846E2987C3D400447BB9 /* Main.html in Resources */,
			);
			runOnlyForDeploymentPostprocessing = 0;
		};
		7CC3845A2987C3D400447BB9 /* Resources */ = {
			isa = PBXResourcesBuildPhase;
			buildActionMask = 2147483647;
			files = (
				7CC384C72987C3D500447BB9 /* search-13-128.png in Resources */,
				7CC384C32987C3D500447BB9 /* vendors-node_modules_classnames_index_js-node_modules_webextension-polyfill_dist_browser-poly-ee8e6f.js in Resources */,
				7CC384C02987C3D500447BB9 /* vendors-node_modules_css-loader_dist_runtime_api_js-node_modules_css-loader_dist_runtime_sour-b53f7e.js in Resources */,
				7CC384C12987C3D500447BB9 /* options.js in Resources */,
				7CC384C42987C3D500447BB9 /* src_styles_tailwind_scss.js in Resources */,
				7CC384BF2987C3D500447BB9 /* popup.html in Resources */,
				7CC384BE2987C3D500447BB9 /* images in Resources */,
				7CC384BA2987C3D500447BB9 /* icon.png in Resources */,
				7CC384B92987C3D500447BB9 /* vendors-node_modules_vechaiui_switch_dist_esm_switch_js-node_modules_classnames_index_js-node-62bb86.js in Resources */,
				7CC384CA2987C3D500447BB9 /* contentScript.js in Resources */,
				7CC384C62987C3D500447BB9 /* manifest.json in Resources */,
				7CC384BB2987C3D500447BB9 /* search-13-32.png in Resources */,
				7CC384C82987C3D500447BB9 /* options.html in Resources */,
				7CC384BC2987C3D500447BB9 /* popup.js in Resources */,
				7CC384C52987C3D500447BB9 /* search-13-48.png in Resources */,
				7CC384C92987C3D500447BB9 /* search-13-16.png in Resources */,
				7CC384BD2987C3D500447BB9 /* background.js in Resources */,
				7CC384C22987C3D500447BB9 /* vendors-node_modules_material-tailwind_react_index_js-node_modules_webextension-polyfill_dist-d38697.js in Resources */,
			);
			runOnlyForDeploymentPostprocessing = 0;
		};
		7CC384642987C3D400447BB9 /* Resources */ = {
			isa = PBXResourcesBuildPhase;
			buildActionMask = 2147483647;
			files = (
				7CC384B52987C3D500447BB9 /* search-13-128.png in Resources */,
				7CC384B12987C3D500447BB9 /* vendors-node_modules_classnames_index_js-node_modules_webextension-polyfill_dist_browser-poly-ee8e6f.js in Resources */,
				7CC384AE2987C3D500447BB9 /* vendors-node_modules_css-loader_dist_runtime_api_js-node_modules_css-loader_dist_runtime_sour-b53f7e.js in Resources */,
				7CC384AF2987C3D500447BB9 /* options.js in Resources */,
				7CC384B22987C3D500447BB9 /* src_styles_tailwind_scss.js in Resources */,
				7CC384AD2987C3D500447BB9 /* popup.html in Resources */,
				7CC384AC2987C3D500447BB9 /* images in Resources */,
				7CC384A82987C3D500447BB9 /* icon.png in Resources */,
				7CC384A72987C3D500447BB9 /* vendors-node_modules_vechaiui_switch_dist_esm_switch_js-node_modules_classnames_index_js-node-62bb86.js in Resources */,
				7CC384B82987C3D500447BB9 /* contentScript.js in Resources */,
				7CC384B42987C3D500447BB9 /* manifest.json in Resources */,
				7CC384A92987C3D500447BB9 /* search-13-32.png in Resources */,
				7CC384B62987C3D500447BB9 /* options.html in Resources */,
				7CC384AA2987C3D500447BB9 /* popup.js in Resources */,
				7CC384B32987C3D500447BB9 /* search-13-48.png in Resources */,
				7CC384B72987C3D500447BB9 /* search-13-16.png in Resources */,
				7CC384AB2987C3D500447BB9 /* background.js in Resources */,
				7CC384B02987C3D500447BB9 /* vendors-node_modules_material-tailwind_react_index_js-node_modules_webextension-polyfill_dist-d38697.js in Resources */,
			);
			runOnlyForDeploymentPostprocessing = 0;
		};
/* End PBXResourcesBuildPhase section */

/* Begin PBXSourcesBuildPhase section */
		7CC384392987C3D400447BB9 /* Sources */ = {
			isa = PBXSourcesBuildPhase;
			buildActionMask = 2147483647;
			files = (
				7CC384752987C3D400447BB9 /* ViewController.swift in Sources */,
				7CC384412987C3D400447BB9 /* AppDelegate.swift in Sources */,
				7CC384432987C3D400447BB9 /* SceneDelegate.swift in Sources */,
			);
			runOnlyForDeploymentPostprocessing = 0;
		};
		7CC3844B2987C3D400447BB9 /* Sources */ = {
			isa = PBXSourcesBuildPhase;
			buildActionMask = 2147483647;
			files = (
				7CC384762987C3D400447BB9 /* ViewController.swift in Sources */,
				7CC384522987C3D400447BB9 /* AppDelegate.swift in Sources */,
			);
			runOnlyForDeploymentPostprocessing = 0;
		};
		7CC384582987C3D400447BB9 /* Sources */ = {
			isa = PBXSourcesBuildPhase;
			buildActionMask = 2147483647;
			files = (
				7CC384792987C3D400447BB9 /* SafariWebExtensionHandler.swift in Sources */,
			);
			runOnlyForDeploymentPostprocessing = 0;
		};
		7CC384622987C3D400447BB9 /* Sources */ = {
			isa = PBXSourcesBuildPhase;
			buildActionMask = 2147483647;
			files = (
				7CC3847A2987C3D400447BB9 /* SafariWebExtensionHandler.swift in Sources */,
			);
			runOnlyForDeploymentPostprocessing = 0;
		};
/* End PBXSourcesBuildPhase section */

/* Begin PBXTargetDependency section */
		7CC3845F2987C3D400447BB9 /* PBXTargetDependency */ = {
			isa = PBXTargetDependency;
			target = 7CC3845B2987C3D400447BB9 /* Search Assistant Extension (iOS) */;
			targetProxy = 7CC3845E2987C3D400447BB9 /* PBXContainerItemProxy */;
		};
		7CC384692987C3D400447BB9 /* PBXTargetDependency */ = {
			isa = PBXTargetDependency;
			target = 7CC384652987C3D400447BB9 /* Search Assistant Extension (macOS) */;
			targetProxy = 7CC384682987C3D400447BB9 /* PBXContainerItemProxy */;
		};
/* End PBXTargetDependency section */

/* Begin PBXVariantGroup section */
		7CC384302987C3D400447BB9 /* Main.html */ = {
			isa = PBXVariantGroup;
			children = (
				7CC384312987C3D400447BB9 /* Base */,
			);
			name = Main.html;
			sourceTree = "<group>";
		};
		7CC384442987C3D400447BB9 /* LaunchScreen.storyboard */ = {
			isa = PBXVariantGroup;
			children = (
				7CC384452987C3D400447BB9 /* Base */,
			);
			name = LaunchScreen.storyboard;
			sourceTree = "<group>";
		};
		7CC384472987C3D400447BB9 /* Main.storyboard */ = {
			isa = PBXVariantGroup;
			children = (
				7CC384482987C3D400447BB9 /* Base */,
			);
			name = Main.storyboard;
			sourceTree = "<group>";
		};
		7CC384532987C3D400447BB9 /* Main.storyboard */ = {
			isa = PBXVariantGroup;
			children = (
				7CC384542987C3D400447BB9 /* Base */,
			);
			name = Main.storyboard;
			sourceTree = "<group>";
		};
/* End PBXVariantGroup section */

/* Begin XCBuildConfiguration section */
		7CC3847B2987C3D400447BB9 /* Debug */ = {
			isa = XCBuildConfiguration;
			buildSettings = {
				ALWAYS_SEARCH_USER_PATHS = NO;
				CLANG_ANALYZER_NONNULL = YES;
				CLANG_ANALYZER_NUMBER_OBJECT_CONVERSION = YES_AGGRESSIVE;
				CLANG_CXX_LANGUAGE_STANDARD = "gnu++20";
				CLANG_ENABLE_MODULES = YES;
				CLANG_ENABLE_OBJC_ARC = YES;
				CLANG_ENABLE_OBJC_WEAK = YES;
				CLANG_WARN_BLOCK_CAPTURE_AUTORELEASING = YES;
				CLANG_WARN_BOOL_CONVERSION = YES;
				CLANG_WARN_COMMA = YES;
				CLANG_WARN_CONSTANT_CONVERSION = YES;
				CLANG_WARN_DEPRECATED_OBJC_IMPLEMENTATIONS = YES;
				CLANG_WARN_DIRECT_OBJC_ISA_USAGE = YES_ERROR;
				CLANG_WARN_DOCUMENTATION_COMMENTS = YES;
				CLANG_WARN_EMPTY_BODY = YES;
				CLANG_WARN_ENUM_CONVERSION = YES;
				CLANG_WARN_INFINITE_RECURSION = YES;
				CLANG_WARN_INT_CONVERSION = YES;
				CLANG_WARN_NON_LITERAL_NULL_CONVERSION = YES;
				CLANG_WARN_OBJC_IMPLICIT_RETAIN_SELF = YES;
				CLANG_WARN_OBJC_LITERAL_CONVERSION = YES;
				CLANG_WARN_OBJC_ROOT_CLASS = YES_ERROR;
				CLANG_WARN_QUOTED_INCLUDE_IN_FRAMEWORK_HEADER = YES;
				CLANG_WARN_RANGE_LOOP_ANALYSIS = YES;
				CLANG_WARN_STRICT_PROTOTYPES = YES;
				CLANG_WARN_SUSPICIOUS_MOVE = YES;
				CLANG_WARN_UNGUARDED_AVAILABILITY = YES_AGGRESSIVE;
				CLANG_WARN_UNREACHABLE_CODE = YES;
				CLANG_WARN__DUPLICATE_METHOD_MATCH = YES;
				COPY_PHASE_STRIP = NO;
				DEBUG_INFORMATION_FORMAT = dwarf;
				ENABLE_STRICT_OBJC_MSGSEND = YES;
				ENABLE_TESTABILITY = YES;
				GCC_C_LANGUAGE_STANDARD = gnu11;
				GCC_DYNAMIC_NO_PIC = NO;
				GCC_NO_COMMON_BLOCKS = YES;
				GCC_OPTIMIZATION_LEVEL = 0;
				GCC_PREPROCESSOR_DEFINITIONS = (
					"DEBUG=1",
					"$(inherited)",
				);
				GCC_WARN_64_TO_32_BIT_CONVERSION = YES;
				GCC_WARN_ABOUT_RETURN_TYPE = YES_ERROR;
				GCC_WARN_UNDECLARED_SELECTOR = YES;
				GCC_WARN_UNINITIALIZED_AUTOS = YES_AGGRESSIVE;
				GCC_WARN_UNUSED_FUNCTION = YES;
				GCC_WARN_UNUSED_VARIABLE = YES;
				MTL_ENABLE_DEBUG_INFO = INCLUDE_SOURCE;
				MTL_FAST_MATH = YES;
				ONLY_ACTIVE_ARCH = YES;
				SWIFT_ACTIVE_COMPILATION_CONDITIONS = DEBUG;
				SWIFT_OPTIMIZATION_LEVEL = "-Onone";
			};
			name = Debug;
		};
		7CC3847C2987C3D400447BB9 /* Release */ = {
			isa = XCBuildConfiguration;
			buildSettings = {
				ALWAYS_SEARCH_USER_PATHS = NO;
				CLANG_ANALYZER_NONNULL = YES;
				CLANG_ANALYZER_NUMBER_OBJECT_CONVERSION = YES_AGGRESSIVE;
				CLANG_CXX_LANGUAGE_STANDARD = "gnu++20";
				CLANG_ENABLE_MODULES = YES;
				CLANG_ENABLE_OBJC_ARC = YES;
				CLANG_ENABLE_OBJC_WEAK = YES;
				CLANG_WARN_BLOCK_CAPTURE_AUTORELEASING = YES;
				CLANG_WARN_BOOL_CONVERSION = YES;
				CLANG_WARN_COMMA = YES;
				CLANG_WARN_CONSTANT_CONVERSION = YES;
				CLANG_WARN_DEPRECATED_OBJC_IMPLEMENTATIONS = YES;
				CLANG_WARN_DIRECT_OBJC_ISA_USAGE = YES_ERROR;
				CLANG_WARN_DOCUMENTATION_COMMENTS = YES;
				CLANG_WARN_EMPTY_BODY = YES;
				CLANG_WARN_ENUM_CONVERSION = YES;
				CLANG_WARN_INFINITE_RECURSION = YES;
				CLANG_WARN_INT_CONVERSION = YES;
				CLANG_WARN_NON_LITERAL_NULL_CONVERSION = YES;
				CLANG_WARN_OBJC_IMPLICIT_RETAIN_SELF = YES;
				CLANG_WARN_OBJC_LITERAL_CONVERSION = YES;
				CLANG_WARN_OBJC_ROOT_CLASS = YES_ERROR;
				CLANG_WARN_QUOTED_INCLUDE_IN_FRAMEWORK_HEADER = YES;
				CLANG_WARN_RANGE_LOOP_ANALYSIS = YES;
				CLANG_WARN_STRICT_PROTOTYPES = YES;
				CLANG_WARN_SUSPICIOUS_MOVE = YES;
				CLANG_WARN_UNGUARDED_AVAILABILITY = YES_AGGRESSIVE;
				CLANG_WARN_UNREACHABLE_CODE = YES;
				CLANG_WARN__DUPLICATE_METHOD_MATCH = YES;
				COPY_PHASE_STRIP = NO;
				DEBUG_INFORMATION_FORMAT = "dwarf-with-dsym";
				ENABLE_NS_ASSERTIONS = NO;
				ENABLE_STRICT_OBJC_MSGSEND = YES;
				GCC_C_LANGUAGE_STANDARD = gnu11;
				GCC_NO_COMMON_BLOCKS = YES;
				GCC_WARN_64_TO_32_BIT_CONVERSION = YES;
				GCC_WARN_ABOUT_RETURN_TYPE = YES_ERROR;
				GCC_WARN_UNDECLARED_SELECTOR = YES;
				GCC_WARN_UNINITIALIZED_AUTOS = YES_AGGRESSIVE;
				GCC_WARN_UNUSED_FUNCTION = YES;
				GCC_WARN_UNUSED_VARIABLE = YES;
				MTL_ENABLE_DEBUG_INFO = NO;
				MTL_FAST_MATH = YES;
				SWIFT_COMPILATION_MODE = wholemodule;
				SWIFT_OPTIMIZATION_LEVEL = "-O";
			};
			name = Release;
		};
		7CC3847E2987C3D400447BB9 /* Debug */ = {
			isa = XCBuildConfiguration;
			buildSettings = {
				CODE_SIGN_STYLE = Automatic;
				CURRENT_PROJECT_VERSION = 1;
				GENERATE_INFOPLIST_FILE = YES;
				INFOPLIST_FILE = "iOS (Extension)/Info.plist";
				INFOPLIST_KEY_CFBundleDisplayName = "Search Assistant Extension";
				INFOPLIST_KEY_NSHumanReadableCopyright = "";
				IPHONEOS_DEPLOYMENT_TARGET = 15.0;
				LD_RUNPATH_SEARCH_PATHS = (
					"$(inherited)",
					"@executable_path/Frameworks",
					"@executable_path/../../Frameworks",
				);
				MARKETING_VERSION = 1.0;
				OTHER_LDFLAGS = (
					"-framework",
					SafariServices,
				);
				PRODUCT_BUNDLE_IDENTIFIER = "com.yourCompany.Search-Assistant.Extension";
				PRODUCT_NAME = "Search Assistant Extension";
				SDKROOT = iphoneos;
				SKIP_INSTALL = YES;
				SWIFT_EMIT_LOC_STRINGS = YES;
				SWIFT_VERSION = 5.0;
				TARGETED_DEVICE_FAMILY = "1,2";
			};
			name = Debug;
		};
		7CC3847F2987C3D400447BB9 /* Release */ = {
			isa = XCBuildConfiguration;
			buildSettings = {
				CODE_SIGN_STYLE = Automatic;
				CURRENT_PROJECT_VERSION = 1;
				GENERATE_INFOPLIST_FILE = YES;
				INFOPLIST_FILE = "iOS (Extension)/Info.plist";
				INFOPLIST_KEY_CFBundleDisplayName = "Search Assistant Extension";
				INFOPLIST_KEY_NSHumanReadableCopyright = "";
				IPHONEOS_DEPLOYMENT_TARGET = 15.0;
				LD_RUNPATH_SEARCH_PATHS = (
					"$(inherited)",
					"@executable_path/Frameworks",
					"@executable_path/../../Frameworks",
				);
				MARKETING_VERSION = 1.0;
				OTHER_LDFLAGS = (
					"-framework",
					SafariServices,
				);
				PRODUCT_BUNDLE_IDENTIFIER = "com.yourCompany.Search-Assistant.Extension";
				PRODUCT_NAME = "Search Assistant Extension";
				SDKROOT = iphoneos;
				SKIP_INSTALL = YES;
				SWIFT_EMIT_LOC_STRINGS = YES;
				SWIFT_VERSION = 5.0;
				TARGETED_DEVICE_FAMILY = "1,2";
				VALIDATE_PRODUCT = YES;
			};
			name = Release;
		};
		7CC384822987C3D400447BB9 /* Debug */ = {
			isa = XCBuildConfiguration;
			buildSettings = {
				ALWAYS_EMBED_SWIFT_STANDARD_LIBRARIES = YES;
				ASSETCATALOG_COMPILER_APPICON_NAME = AppIcon;
				ASSETCATALOG_COMPILER_GLOBAL_ACCENT_COLOR_NAME = AccentColor;
				CODE_SIGN_STYLE = Automatic;
				CURRENT_PROJECT_VERSION = 1;
				GENERATE_INFOPLIST_FILE = YES;
				INFOPLIST_FILE = "iOS (App)/Info.plist";
				INFOPLIST_KEY_CFBundleDisplayName = "Search Assistant";
				INFOPLIST_KEY_UIApplicationSupportsIndirectInputEvents = YES;
				INFOPLIST_KEY_UILaunchStoryboardName = LaunchScreen;
				INFOPLIST_KEY_UIMainStoryboardFile = Main;
				INFOPLIST_KEY_UISupportedInterfaceOrientations = "UIInterfaceOrientationPortrait UIInterfaceOrientationLandscapeLeft UIInterfaceOrientationLandscapeRight";
				INFOPLIST_KEY_UISupportedInterfaceOrientations_iPad = "UIInterfaceOrientationPortrait UIInterfaceOrientationPortraitUpsideDown UIInterfaceOrientationLandscapeLeft UIInterfaceOrientationLandscapeRight";
				IPHONEOS_DEPLOYMENT_TARGET = 15.0;
				LD_RUNPATH_SEARCH_PATHS = (
					"$(inherited)",
					"@executable_path/Frameworks",
				);
				MARKETING_VERSION = 1.0;
				OTHER_LDFLAGS = (
					"-framework",
					SafariServices,
					"-framework",
					WebKit,
				);
				PRODUCT_BUNDLE_IDENTIFIER = "com.yourCompany.Search-Assistant";
				PRODUCT_NAME = "Search Assistant";
				SDKROOT = iphoneos;
				SWIFT_EMIT_LOC_STRINGS = YES;
				SWIFT_VERSION = 5.0;
				TARGETED_DEVICE_FAMILY = "1,2";
			};
			name = Debug;
		};
		7CC384832987C3D400447BB9 /* Release */ = {
			isa = XCBuildConfiguration;
			buildSettings = {
				ALWAYS_EMBED_SWIFT_STANDARD_LIBRARIES = YES;
				ASSETCATALOG_COMPILER_APPICON_NAME = AppIcon;
				ASSETCATALOG_COMPILER_GLOBAL_ACCENT_COLOR_NAME = AccentColor;
				CODE_SIGN_STYLE = Automatic;
				CURRENT_PROJECT_VERSION = 1;
				GENERATE_INFOPLIST_FILE = YES;
				INFOPLIST_FILE = "iOS (App)/Info.plist";
				INFOPLIST_KEY_CFBundleDisplayName = "Search Assistant";
				INFOPLIST_KEY_UIApplicationSupportsIndirectInputEvents = YES;
				INFOPLIST_KEY_UILaunchStoryboardName = LaunchScreen;
				INFOPLIST_KEY_UIMainStoryboardFile = Main;
				INFOPLIST_KEY_UISupportedInterfaceOrientations = "UIInterfaceOrientationPortrait UIInterfaceOrientationLandscapeLeft UIInterfaceOrientationLandscapeRight";
				INFOPLIST_KEY_UISupportedInterfaceOrientations_iPad = "UIInterfaceOrientationPortrait UIInterfaceOrientationPortraitUpsideDown UIInterfaceOrientationLandscapeLeft UIInterfaceOrientationLandscapeRight";
				IPHONEOS_DEPLOYMENT_TARGET = 15.0;
				LD_RUNPATH_SEARCH_PATHS = (
					"$(inherited)",
					"@executable_path/Frameworks",
				);
				MARKETING_VERSION = 1.0;
				OTHER_LDFLAGS = (
					"-framework",
					SafariServices,
					"-framework",
					WebKit,
				);
				PRODUCT_BUNDLE_IDENTIFIER = "com.yourCompany.Search-Assistant";
				PRODUCT_NAME = "Search Assistant";
				SDKROOT = iphoneos;
				SWIFT_EMIT_LOC_STRINGS = YES;
				SWIFT_VERSION = 5.0;
				TARGETED_DEVICE_FAMILY = "1,2";
				VALIDATE_PRODUCT = YES;
			};
			name = Release;
		};
		7CC384852987C3D400447BB9 /* Debug */ = {
			isa = XCBuildConfiguration;
			buildSettings = {
				CODE_SIGN_ENTITLEMENTS = "macOS (Extension)/Search Assistant.entitlements";
				CODE_SIGN_STYLE = Automatic;
				CURRENT_PROJECT_VERSION = 1;
				ENABLE_HARDENED_RUNTIME = YES;
				GENERATE_INFOPLIST_FILE = YES;
				INFOPLIST_FILE = "macOS (Extension)/Info.plist";
				INFOPLIST_KEY_CFBundleDisplayName = "Search Assistant Extension";
				INFOPLIST_KEY_NSHumanReadableCopyright = "";
				LD_RUNPATH_SEARCH_PATHS = (
					"$(inherited)",
					"@executable_path/../Frameworks",
					"@executable_path/../../../../Frameworks",
				);
				MACOSX_DEPLOYMENT_TARGET = 10.14;
				MARKETING_VERSION = 1.0;
				OTHER_LDFLAGS = (
					"-framework",
					SafariServices,
				);
				PRODUCT_BUNDLE_IDENTIFIER = "com.yourCompany.Search-Assistant.Extension";
				PRODUCT_NAME = "Search Assistant Extension";
				SDKROOT = macosx;
				SKIP_INSTALL = YES;
				SWIFT_EMIT_LOC_STRINGS = YES;
				SWIFT_VERSION = 5.0;
			};
			name = Debug;
		};
		7CC384862987C3D400447BB9 /* Release */ = {
			isa = XCBuildConfiguration;
			buildSettings = {
				CODE_SIGN_ENTITLEMENTS = "macOS (Extension)/Search Assistant.entitlements";
				CODE_SIGN_STYLE = Automatic;
				CURRENT_PROJECT_VERSION = 1;
				ENABLE_HARDENED_RUNTIME = YES;
				GENERATE_INFOPLIST_FILE = YES;
				INFOPLIST_FILE = "macOS (Extension)/Info.plist";
				INFOPLIST_KEY_CFBundleDisplayName = "Search Assistant Extension";
				INFOPLIST_KEY_NSHumanReadableCopyright = "";
				LD_RUNPATH_SEARCH_PATHS = (
					"$(inherited)",
					"@executable_path/../Frameworks",
					"@executable_path/../../../../Frameworks",
				);
				MACOSX_DEPLOYMENT_TARGET = 10.14;
				MARKETING_VERSION = 1.0;
				OTHER_LDFLAGS = (
					"-framework",
					SafariServices,
				);
				PRODUCT_BUNDLE_IDENTIFIER = "com.yourCompany.Search-Assistant.Extension";
				PRODUCT_NAME = "Search Assistant Extension";
				SDKROOT = macosx;
				SKIP_INSTALL = YES;
				SWIFT_EMIT_LOC_STRINGS = YES;
				SWIFT_VERSION = 5.0;
			};
			name = Release;
		};
		7CC384892987C3D400447BB9 /* Debug */ = {
			isa = XCBuildConfiguration;
			buildSettings = {
				ALWAYS_EMBED_SWIFT_STANDARD_LIBRARIES = YES;
				ASSETCATALOG_COMPILER_APPICON_NAME = AppIcon;
				ASSETCATALOG_COMPILER_GLOBAL_ACCENT_COLOR_NAME = AccentColor;
				CODE_SIGN_ENTITLEMENTS = "macOS (App)/Search Assistant.entitlements";
				CODE_SIGN_STYLE = Automatic;
				CURRENT_PROJECT_VERSION = 1;
				ENABLE_HARDENED_RUNTIME = YES;
				GENERATE_INFOPLIST_FILE = YES;
				INFOPLIST_FILE = "macOS (App)/Info.plist";
				INFOPLIST_KEY_CFBundleDisplayName = "Search Assistant";
				INFOPLIST_KEY_NSMainStoryboardFile = Main;
				INFOPLIST_KEY_NSPrincipalClass = NSApplication;
				LD_RUNPATH_SEARCH_PATHS = (
					"$(inherited)",
					"@executable_path/../Frameworks",
				);
				MACOSX_DEPLOYMENT_TARGET = 10.14;
				MARKETING_VERSION = 1.0;
				OTHER_LDFLAGS = (
					"-framework",
					SafariServices,
					"-framework",
					WebKit,
				);
				PRODUCT_BUNDLE_IDENTIFIER = "com.yourCompany.Search-Assistant";
				PRODUCT_NAME = "Search Assistant";
				SDKROOT = macosx;
				SWIFT_EMIT_LOC_STRINGS = YES;
				SWIFT_VERSION = 5.0;
			};
			name = Debug;
		};
		7CC3848A2987C3D400447BB9 /* Release */ = {
			isa = XCBuildConfiguration;
			buildSettings = {
				ALWAYS_EMBED_SWIFT_STANDARD_LIBRARIES = YES;
				ASSETCATALOG_COMPILER_APPICON_NAME = AppIcon;
				ASSETCATALOG_COMPILER_GLOBAL_ACCENT_COLOR_NAME = AccentColor;
				CODE_SIGN_ENTITLEMENTS = "macOS (App)/Search Assistant.entitlements";
				CODE_SIGN_STYLE = Automatic;
				CURRENT_PROJECT_VERSION = 1;
				ENABLE_HARDENED_RUNTIME = YES;
				GENERATE_INFOPLIST_FILE = YES;
				INFOPLIST_FILE = "macOS (App)/Info.plist";
				INFOPLIST_KEY_CFBundleDisplayName = "Search Assistant";
				INFOPLIST_KEY_NSMainStoryboardFile = Main;
				INFOPLIST_KEY_NSPrincipalClass = NSApplication;
				LD_RUNPATH_SEARCH_PATHS = (
					"$(inherited)",
					"@executable_path/../Frameworks",
				);
				MACOSX_DEPLOYMENT_TARGET = 10.14;
				MARKETING_VERSION = 1.0;
				OTHER_LDFLAGS = (
					"-framework",
					SafariServices,
					"-framework",
					WebKit,
				);
				PRODUCT_BUNDLE_IDENTIFIER = "com.yourCompany.Search-Assistant";
				PRODUCT_NAME = "Search Assistant";
				SDKROOT = macosx;
				SWIFT_EMIT_LOC_STRINGS = YES;
				SWIFT_VERSION = 5.0;
			};
			name = Release;
		};
/* End XCBuildConfiguration section */

/* Begin XCConfigurationList section */
		7CC3842D2987C3D400447BB9 /* Build configuration list for PBXProject "Search Assistant" */ = {
			isa = XCConfigurationList;
			buildConfigurations = (
				7CC3847B2987C3D400447BB9 /* Debug */,
				7CC3847C2987C3D400447BB9 /* Release */,
			);
			defaultConfigurationIsVisible = 0;
			defaultConfigurationName = Release;
		};
		7CC3847D2987C3D400447BB9 /* Build configuration list for PBXNativeTarget "Search Assistant Extension (iOS)" */ = {
			isa = XCConfigurationList;
			buildConfigurations = (
				7CC3847E2987C3D400447BB9 /* Debug */,
				7CC3847F2987C3D400447BB9 /* Release */,
			);
			defaultConfigurationIsVisible = 0;
			defaultConfigurationName = Release;
		};
		7CC384812987C3D400447BB9 /* Build configuration list for PBXNativeTarget "Search Assistant (iOS)" */ = {
			isa = XCConfigurationList;
			buildConfigurations = (
				7CC384822987C3D400447BB9 /* Debug */,
				7CC384832987C3D400447BB9 /* Release */,
			);
			defaultConfigurationIsVisible = 0;
			defaultConfigurationName = Release;
		};
		7CC384842987C3D400447BB9 /* Build configuration list for PBXNativeTarget "Search Assistant Extension (macOS)" */ = {
			isa = XCConfigurationList;
			buildConfigurations = (
				7CC384852987C3D400447BB9 /* Debug */,
				7CC384862987C3D400447BB9 /* Release */,
			);
			defaultConfigurationIsVisible = 0;
			defaultConfigurationName = Release;
		};
		7CC384882987C3D400447BB9 /* Build configuration list for PBXNativeTarget "Search Assistant (macOS)" */ = {
			isa = XCConfigurationList;
			buildConfigurations = (
				7CC384892987C3D400447BB9 /* Debug */,
				7CC3848A2987C3D400447BB9 /* Release */,
			);
			defaultConfigurationIsVisible = 0;
			defaultConfigurationName = Release;
		};
/* End XCConfigurationList section */
	};
	rootObject = 7CC3842A2987C3D400447BB9 /* Project object */;
}
