// !$*UTF8*$!
{
	archiveVersion = 1;
	classes = {
	};
	objectVersion = 56;
	objects = {

/* Begin PBXBuildFile section */
		7C37D955298745A80083117C /* AppDelegate.swift in Sources */ = {isa = PBXBuildFile; fileRef = 7C37D954298745A80083117C /* AppDelegate.swift */; };
		7C37D957298745A80083117C /* SceneDelegate.swift in Sources */ = {isa = PBXBuildFile; fileRef = 7C37D956298745A80083117C /* SceneDelegate.swift */; };
		7C37D95A298745A80083117C /* LaunchScreen.storyboard in Resources */ = {isa = PBXBuildFile; fileRef = 7C37D958298745A80083117C /* LaunchScreen.storyboard */; };
		7C37D95D298745A80083117C /* Main.storyboard in Resources */ = {isa = PBXBuildFile; fileRef = 7C37D95B298745A80083117C /* Main.storyboard */; };
		7C37D966298745A80083117C /* AppDelegate.swift in Sources */ = {isa = PBXBuildFile; fileRef = 7C37D965298745A80083117C /* AppDelegate.swift */; };
		7C37D969298745A80083117C /* Main.storyboard in Resources */ = {isa = PBXBuildFile; fileRef = 7C37D967298745A80083117C /* Main.storyboard */; };
		7C37D971298745A80083117C /* Search Assistant Extension.appex in Embed Foundation Extensions */ = {isa = PBXBuildFile; fileRef = 7C37D970298745A80083117C /* Search Assistant Extension.appex */; settings = {ATTRIBUTES = (RemoveHeadersOnCopy, ); }; };
		7C37D97B298745A80083117C /* Search Assistant Extension.appex in Embed Foundation Extensions */ = {isa = PBXBuildFile; fileRef = 7C37D97A298745A80083117C /* Search Assistant Extension.appex */; settings = {ATTRIBUTES = (RemoveHeadersOnCopy, ); }; };
		7C37D981298745A80083117C /* Main.html in Resources */ = {isa = PBXBuildFile; fileRef = 7C37D944298745A70083117C /* Main.html */; };
		7C37D982298745A80083117C /* Main.html in Resources */ = {isa = PBXBuildFile; fileRef = 7C37D944298745A70083117C /* Main.html */; };
		7C37D983298745A80083117C /* Icon.png in Resources */ = {isa = PBXBuildFile; fileRef = 7C37D946298745A70083117C /* Icon.png */; };
		7C37D984298745A80083117C /* Icon.png in Resources */ = {isa = PBXBuildFile; fileRef = 7C37D946298745A70083117C /* Icon.png */; };
		7C37D985298745A80083117C /* Style.css in Resources */ = {isa = PBXBuildFile; fileRef = 7C37D947298745A70083117C /* Style.css */; };
		7C37D986298745A80083117C /* Style.css in Resources */ = {isa = PBXBuildFile; fileRef = 7C37D947298745A70083117C /* Style.css */; };
		7C37D987298745A80083117C /* Script.js in Resources */ = {isa = PBXBuildFile; fileRef = 7C37D948298745A70083117C /* Script.js */; };
		7C37D988298745A80083117C /* Script.js in Resources */ = {isa = PBXBuildFile; fileRef = 7C37D948298745A70083117C /* Script.js */; };
		7C37D989298745A80083117C /* ViewController.swift in Sources */ = {isa = PBXBuildFile; fileRef = 7C37D949298745A70083117C /* ViewController.swift */; };
		7C37D98A298745A80083117C /* ViewController.swift in Sources */ = {isa = PBXBuildFile; fileRef = 7C37D949298745A70083117C /* ViewController.swift */; };
		7C37D98B298745A80083117C /* Assets.xcassets in Resources */ = {isa = PBXBuildFile; fileRef = 7C37D94A298745A80083117C /* Assets.xcassets */; };
		7C37D98C298745A80083117C /* Assets.xcassets in Resources */ = {isa = PBXBuildFile; fileRef = 7C37D94A298745A80083117C /* Assets.xcassets */; };
		7C37D98D298745A80083117C /* SafariWebExtensionHandler.swift in Sources */ = {isa = PBXBuildFile; fileRef = 7C37D94C298745A80083117C /* SafariWebExtensionHandler.swift */; };
		7C37D98E298745A80083117C /* SafariWebExtensionHandler.swift in Sources */ = {isa = PBXBuildFile; fileRef = 7C37D94C298745A80083117C /* SafariWebExtensionHandler.swift */; };
		7C37D9B7298745A80083117C /* icon.png in Resources */ = {isa = PBXBuildFile; fileRef = 7C37D9A0298745A80083117C /* icon.png */; };
		7C37D9B8298745A80083117C /* search-13-32.png in Resources */ = {isa = PBXBuildFile; fileRef = 7C37D9A1298745A80083117C /* search-13-32.png */; };
		7C37D9B9298745A80083117C /* popup.js in Resources */ = {isa = PBXBuildFile; fileRef = 7C37D9A2298745A80083117C /* popup.js */; };
		7C37D9BA298745A80083117C /* background.js in Resources */ = {isa = PBXBuildFile; fileRef = 7C37D9A4298745A80083117C /* background.js */; };
		7C37D9BB298745A80083117C /* images in Resources */ = {isa = PBXBuildFile; fileRef = 7C37D9A5298745A80083117C /* images */; };
		7C37D9BC298745A80083117C /* popup.html in Resources */ = {isa = PBXBuildFile; fileRef = 7C37D9A7298745A80083117C /* popup.html */; };
		7C37D9BD298745A80083117C /* vendors-node_modules_css-loader_dist_runtime_api_js-node_modules_css-loader_dist_runtime_sour-b53f7e.js in Resources */ = {isa = PBXBuildFile; fileRef = 7C37D9A8298745A80083117C /* vendors-node_modules_css-loader_dist_runtime_api_js-node_modules_css-loader_dist_runtime_sour-b53f7e.js */; };
		7C37D9BE298745A80083117C /* options.js in Resources */ = {isa = PBXBuildFile; fileRef = 7C37D9A9298745A80083117C /* options.js */; };
		7C37D9BF298745A80083117C /* vendors-node_modules_classnames_index_js-node_modules_webextension-polyfill_dist_browser-poly-ee8e6f.js in Resources */ = {isa = PBXBuildFile; fileRef = 7C37D9AC298745A80083117C /* vendors-node_modules_classnames_index_js-node_modules_webextension-polyfill_dist_browser-poly-ee8e6f.js */; };
		7C37D9C0298745A80083117C /* src_styles_tailwind_scss.js in Resources */ = {isa = PBXBuildFile; fileRef = 7C37D9AD298745A80083117C /* src_styles_tailwind_scss.js */; };
		7C37D9C1298745A80083117C /* search-13-48.png in Resources */ = {isa = PBXBuildFile; fileRef = 7C37D9AF298745A80083117C /* search-13-48.png */; };
		7C37D9C2298745A80083117C /* manifest.json in Resources */ = {isa = PBXBuildFile; fileRef = 7C37D9B0298745A80083117C /* manifest.json */; };
		7C37D9C3298745A80083117C /* search-13-128.png in Resources */ = {isa = PBXBuildFile; fileRef = 7C37D9B1298745A80083117C /* search-13-128.png */; };
		7C37D9C4298745A80083117C /* options.html in Resources */ = {isa = PBXBuildFile; fileRef = 7C37D9B2298745A80083117C /* options.html */; };
		7C37D9C5298745A80083117C /* search-13-16.png in Resources */ = {isa = PBXBuildFile; fileRef = 7C37D9B5298745A80083117C /* search-13-16.png */; };
		7C37D9C6298745A80083117C /* contentScript.js in Resources */ = {isa = PBXBuildFile; fileRef = 7C37D9B6298745A80083117C /* contentScript.js */; };
		7C37D9C7298745A80083117C /* icon.png in Resources */ = {isa = PBXBuildFile; fileRef = 7C37D9A0298745A80083117C /* icon.png */; };
		7C37D9C8298745A80083117C /* search-13-32.png in Resources */ = {isa = PBXBuildFile; fileRef = 7C37D9A1298745A80083117C /* search-13-32.png */; };
		7C37D9C9298745A80083117C /* popup.js in Resources */ = {isa = PBXBuildFile; fileRef = 7C37D9A2298745A80083117C /* popup.js */; };
		7C37D9CA298745A80083117C /* background.js in Resources */ = {isa = PBXBuildFile; fileRef = 7C37D9A4298745A80083117C /* background.js */; };
		7C37D9CB298745A80083117C /* images in Resources */ = {isa = PBXBuildFile; fileRef = 7C37D9A5298745A80083117C /* images */; };
		7C37D9CC298745A80083117C /* popup.html in Resources */ = {isa = PBXBuildFile; fileRef = 7C37D9A7298745A80083117C /* popup.html */; };
		7C37D9CD298745A80083117C /* vendors-node_modules_css-loader_dist_runtime_api_js-node_modules_css-loader_dist_runtime_sour-b53f7e.js in Resources */ = {isa = PBXBuildFile; fileRef = 7C37D9A8298745A80083117C /* vendors-node_modules_css-loader_dist_runtime_api_js-node_modules_css-loader_dist_runtime_sour-b53f7e.js */; };
		7C37D9CE298745A80083117C /* options.js in Resources */ = {isa = PBXBuildFile; fileRef = 7C37D9A9298745A80083117C /* options.js */; };
		7C37D9CF298745A80083117C /* vendors-node_modules_classnames_index_js-node_modules_webextension-polyfill_dist_browser-poly-ee8e6f.js in Resources */ = {isa = PBXBuildFile; fileRef = 7C37D9AC298745A80083117C /* vendors-node_modules_classnames_index_js-node_modules_webextension-polyfill_dist_browser-poly-ee8e6f.js */; };
		7C37D9D0298745A80083117C /* src_styles_tailwind_scss.js in Resources */ = {isa = PBXBuildFile; fileRef = 7C37D9AD298745A80083117C /* src_styles_tailwind_scss.js */; };
		7C37D9D1298745A80083117C /* search-13-48.png in Resources */ = {isa = PBXBuildFile; fileRef = 7C37D9AF298745A80083117C /* search-13-48.png */; };
		7C37D9D2298745A80083117C /* manifest.json in Resources */ = {isa = PBXBuildFile; fileRef = 7C37D9B0298745A80083117C /* manifest.json */; };
		7C37D9D3298745A80083117C /* search-13-128.png in Resources */ = {isa = PBXBuildFile; fileRef = 7C37D9B1298745A80083117C /* search-13-128.png */; };
		7C37D9D4298745A80083117C /* options.html in Resources */ = {isa = PBXBuildFile; fileRef = 7C37D9B2298745A80083117C /* options.html */; };
		7C37D9D5298745A80083117C /* search-13-16.png in Resources */ = {isa = PBXBuildFile; fileRef = 7C37D9B5298745A80083117C /* search-13-16.png */; };
		7C37D9D6298745A80083117C /* contentScript.js in Resources */ = {isa = PBXBuildFile; fileRef = 7C37D9B6298745A80083117C /* contentScript.js */; };
/* End PBXBuildFile section */

/* Begin PBXContainerItemProxy section */
		7C37D972298745A80083117C /* PBXContainerItemProxy */ = {
			isa = PBXContainerItemProxy;
			containerPortal = 7C37D93E298745A70083117C /* Project object */;
			proxyType = 1;
			remoteGlobalIDString = 7C37D96F298745A80083117C;
			remoteInfo = "Search Assistant Extension (iOS)";
		};
		7C37D97C298745A80083117C /* PBXContainerItemProxy */ = {
			isa = PBXContainerItemProxy;
			containerPortal = 7C37D93E298745A70083117C /* Project object */;
			proxyType = 1;
			remoteGlobalIDString = 7C37D979298745A80083117C;
			remoteInfo = "Search Assistant Extension (macOS)";
		};
/* End PBXContainerItemProxy section */

/* Begin PBXCopyFilesBuildPhase section */
		7C37D994298745A80083117C /* Embed Foundation Extensions */ = {
			isa = PBXCopyFilesBuildPhase;
			buildActionMask = 2147483647;
			dstPath = "";
			dstSubfolderSpec = 13;
			files = (
				7C37D971298745A80083117C /* Search Assistant Extension.appex in Embed Foundation Extensions */,
			);
			name = "Embed Foundation Extensions";
			runOnlyForDeploymentPostprocessing = 0;
		};
		7C37D99B298745A80083117C /* Embed Foundation Extensions */ = {
			isa = PBXCopyFilesBuildPhase;
			buildActionMask = 2147483647;
			dstPath = "";
			dstSubfolderSpec = 13;
			files = (
				7C37D97B298745A80083117C /* Search Assistant Extension.appex in Embed Foundation Extensions */,
			);
			name = "Embed Foundation Extensions";
			runOnlyForDeploymentPostprocessing = 0;
		};
/* End PBXCopyFilesBuildPhase section */

/* Begin PBXFileReference section */
		7C37D945298745A70083117C /* Base */ = {isa = PBXFileReference; lastKnownFileType = text.html; name = Base; path = ../Base.lproj/Main.html; sourceTree = "<group>"; };
		7C37D946298745A70083117C /* Icon.png */ = {isa = PBXFileReference; lastKnownFileType = image.png; path = Icon.png; sourceTree = "<group>"; };
		7C37D947298745A70083117C /* Style.css */ = {isa = PBXFileReference; lastKnownFileType = text.css; path = Style.css; sourceTree = "<group>"; };
		7C37D948298745A70083117C /* Script.js */ = {isa = PBXFileReference; lastKnownFileType = sourcecode.javascript; path = Script.js; sourceTree = "<group>"; };
		7C37D949298745A70083117C /* ViewController.swift */ = {isa = PBXFileReference; lastKnownFileType = sourcecode.swift; path = ViewController.swift; sourceTree = "<group>"; };
		7C37D94A298745A80083117C /* Assets.xcassets */ = {isa = PBXFileReference; lastKnownFileType = folder.assetcatalog; path = Assets.xcassets; sourceTree = "<group>"; };
		7C37D94C298745A80083117C /* SafariWebExtensionHandler.swift */ = {isa = PBXFileReference; lastKnownFileType = sourcecode.swift; path = SafariWebExtensionHandler.swift; sourceTree = "<group>"; };
		7C37D951298745A80083117C /* Search Assistant.app */ = {isa = PBXFileReference; explicitFileType = wrapper.application; includeInIndex = 0; path = "Search Assistant.app"; sourceTree = BUILT_PRODUCTS_DIR; };
		7C37D954298745A80083117C /* AppDelegate.swift */ = {isa = PBXFileReference; lastKnownFileType = sourcecode.swift; path = AppDelegate.swift; sourceTree = "<group>"; };
		7C37D956298745A80083117C /* SceneDelegate.swift */ = {isa = PBXFileReference; lastKnownFileType = sourcecode.swift; path = SceneDelegate.swift; sourceTree = "<group>"; };
		7C37D959298745A80083117C /* Base */ = {isa = PBXFileReference; lastKnownFileType = file.storyboard; name = Base; path = Base.lproj/LaunchScreen.storyboard; sourceTree = "<group>"; };
		7C37D95C298745A80083117C /* Base */ = {isa = PBXFileReference; lastKnownFileType = file.storyboard; name = Base; path = Base.lproj/Main.storyboard; sourceTree = "<group>"; };
		7C37D95E298745A80083117C /* Info.plist */ = {isa = PBXFileReference; lastKnownFileType = text.plist.xml; path = Info.plist; sourceTree = "<group>"; };
		7C37D963298745A80083117C /* Search Assistant.app */ = {isa = PBXFileReference; explicitFileType = wrapper.application; includeInIndex = 0; path = "Search Assistant.app"; sourceTree = BUILT_PRODUCTS_DIR; };
		7C37D965298745A80083117C /* AppDelegate.swift */ = {isa = PBXFileReference; lastKnownFileType = sourcecode.swift; path = AppDelegate.swift; sourceTree = "<group>"; };
		7C37D968298745A80083117C /* Base */ = {isa = PBXFileReference; lastKnownFileType = file.storyboard; name = Base; path = Base.lproj/Main.storyboard; sourceTree = "<group>"; };
		7C37D96A298745A80083117C /* Info.plist */ = {isa = PBXFileReference; lastKnownFileType = text.plist.xml; path = Info.plist; sourceTree = "<group>"; };
		7C37D96B298745A80083117C /* Search Assistant.entitlements */ = {isa = PBXFileReference; lastKnownFileType = text.plist.entitlements; path = "Search Assistant.entitlements"; sourceTree = "<group>"; };
		7C37D970298745A80083117C /* Search Assistant Extension.appex */ = {isa = PBXFileReference; explicitFileType = "wrapper.app-extension"; includeInIndex = 0; path = "Search Assistant Extension.appex"; sourceTree = BUILT_PRODUCTS_DIR; };
		7C37D975298745A80083117C /* Info.plist */ = {isa = PBXFileReference; lastKnownFileType = text.plist.xml; path = Info.plist; sourceTree = "<group>"; };
		7C37D97A298745A80083117C /* Search Assistant Extension.appex */ = {isa = PBXFileReference; explicitFileType = "wrapper.app-extension"; includeInIndex = 0; path = "Search Assistant Extension.appex"; sourceTree = BUILT_PRODUCTS_DIR; };
		7C37D97F298745A80083117C /* Info.plist */ = {isa = PBXFileReference; lastKnownFileType = text.plist.xml; path = Info.plist; sourceTree = "<group>"; };
		7C37D980298745A80083117C /* Search Assistant.entitlements */ = {isa = PBXFileReference; lastKnownFileType = text.plist.entitlements; path = "Search Assistant.entitlements"; sourceTree = "<group>"; };
		7C37D9A0298745A80083117C /* icon.png */ = {isa = PBXFileReference; lastKnownFileType = image.png; name = icon.png; path = ../../dist/icon.png; sourceTree = "<group>"; };
		7C37D9A1298745A80083117C /* search-13-32.png */ = {isa = PBXFileReference; lastKnownFileType = image.png; name = "search-13-32.png"; path = "../../dist/search-13-32.png"; sourceTree = "<group>"; };
		7C37D9A2298745A80083117C /* popup.js */ = {isa = PBXFileReference; lastKnownFileType = sourcecode.javascript; name = popup.js; path = ../../dist/popup.js; sourceTree = "<group>"; };
		7C37D9A3298745A80083117C /* popup.js.map */ = {isa = PBXFileReference; lastKnownFileType = "sourcecode.module-map"; name = popup.js.map; path = ../../dist/popup.js.map; sourceTree = "<group>"; };
		7C37D9A4298745A80083117C /* background.js */ = {isa = PBXFileReference; lastKnownFileType = sourcecode.javascript; name = background.js; path = ../../dist/background.js; sourceTree = "<group>"; };
		7C37D9A5298745A80083117C /* images */ = {isa = PBXFileReference; lastKnownFileType = folder; name = images; path = ../../dist/images; sourceTree = "<group>"; };
		7C37D9A6298745A80083117C /* vendors-node_modules_css-loader_dist_runtime_api_js-node_modules_css-loader_dist_runtime_sour-b53f7e.js.map */ = {isa = PBXFileReference; lastKnownFileType = "sourcecode.module-map"; name = "vendors-node_modules_css-loader_dist_runtime_api_js-node_modules_css-loader_dist_runtime_sour-b53f7e.js.map"; path = "../../dist/vendors-node_modules_css-loader_dist_runtime_api_js-node_modules_css-loader_dist_runtime_sour-b53f7e.js.map"; sourceTree = "<group>"; };
		7C37D9A7298745A80083117C /* popup.html */ = {isa = PBXFileReference; lastKnownFileType = text.html; name = popup.html; path = ../../dist/popup.html; sourceTree = "<group>"; };
		7C37D9A8298745A80083117C /* vendors-node_modules_css-loader_dist_runtime_api_js-node_modules_css-loader_dist_runtime_sour-b53f7e.js */ = {isa = PBXFileReference; lastKnownFileType = sourcecode.javascript; name = "vendors-node_modules_css-loader_dist_runtime_api_js-node_modules_css-loader_dist_runtime_sour-b53f7e.js"; path = "../../dist/vendors-node_modules_css-loader_dist_runtime_api_js-node_modules_css-loader_dist_runtime_sour-b53f7e.js"; sourceTree = "<group>"; };
		7C37D9A9298745A80083117C /* options.js */ = {isa = PBXFileReference; lastKnownFileType = sourcecode.javascript; name = options.js; path = ../../dist/options.js; sourceTree = "<group>"; };
		7C37D9AA298745A80083117C /* src_styles_tailwind_scss.js.map */ = {isa = PBXFileReference; lastKnownFileType = "sourcecode.module-map"; name = src_styles_tailwind_scss.js.map; path = ../../dist/src_styles_tailwind_scss.js.map; sourceTree = "<group>"; };
		7C37D9AB298745A80083117C /* options.js.map */ = {isa = PBXFileReference; lastKnownFileType = "sourcecode.module-map"; name = options.js.map; path = ../../dist/options.js.map; sourceTree = "<group>"; };
		7C37D9AC298745A80083117C /* vendors-node_modules_classnames_index_js-node_modules_webextension-polyfill_dist_browser-poly-ee8e6f.js */ = {isa = PBXFileReference; lastKnownFileType = sourcecode.javascript; name = "vendors-node_modules_classnames_index_js-node_modules_webextension-polyfill_dist_browser-poly-ee8e6f.js"; path = "../../dist/vendors-node_modules_classnames_index_js-node_modules_webextension-polyfill_dist_browser-poly-ee8e6f.js"; sourceTree = "<group>"; };
		7C37D9AD298745A80083117C /* src_styles_tailwind_scss.js */ = {isa = PBXFileReference; lastKnownFileType = sourcecode.javascript; name = src_styles_tailwind_scss.js; path = ../../dist/src_styles_tailwind_scss.js; sourceTree = "<group>"; };
		7C37D9AE298745A80083117C /* vendors-node_modules_classnames_index_js-node_modules_webextension-polyfill_dist_browser-poly-ee8e6f.js.map */ = {isa = PBXFileReference; lastKnownFileType = "sourcecode.module-map"; name = "vendors-node_modules_classnames_index_js-node_modules_webextension-polyfill_dist_browser-poly-ee8e6f.js.map"; path = "../../dist/vendors-node_modules_classnames_index_js-node_modules_webextension-polyfill_dist_browser-poly-ee8e6f.js.map"; sourceTree = "<group>"; };
		7C37D9AF298745A80083117C /* search-13-48.png */ = {isa = PBXFileReference; lastKnownFileType = image.png; name = "search-13-48.png"; path = "../../dist/search-13-48.png"; sourceTree = "<group>"; };
		7C37D9B0298745A80083117C /* manifest.json */ = {isa = PBXFileReference; lastKnownFileType = text.json; name = manifest.json; path = ../../dist/manifest.json; sourceTree = "<group>"; };
		7C37D9B1298745A80083117C /* search-13-128.png */ = {isa = PBXFileReference; lastKnownFileType = image.png; name = "search-13-128.png"; path = "../../dist/search-13-128.png"; sourceTree = "<group>"; };
		7C37D9B2298745A80083117C /* options.html */ = {isa = PBXFileReference; lastKnownFileType = text.html; name = options.html; path = ../../dist/options.html; sourceTree = "<group>"; };
		7C37D9B3298745A80083117C /* background.js.map */ = {isa = PBXFileReference; lastKnownFileType = "sourcecode.module-map"; name = background.js.map; path = ../../dist/background.js.map; sourceTree = "<group>"; };
		7C37D9B4298745A80083117C /* contentScript.js.map */ = {isa = PBXFileReference; lastKnownFileType = "sourcecode.module-map"; name = contentScript.js.map; path = ../../dist/contentScript.js.map; sourceTree = "<group>"; };
		7C37D9B5298745A80083117C /* search-13-16.png */ = {isa = PBXFileReference; lastKnownFileType = image.png; name = "search-13-16.png"; path = "../../dist/search-13-16.png"; sourceTree = "<group>"; };
		7C37D9B6298745A80083117C /* contentScript.js */ = {isa = PBXFileReference; lastKnownFileType = sourcecode.javascript; name = contentScript.js; path = ../../dist/contentScript.js; sourceTree = "<group>"; };
/* End PBXFileReference section */

/* Begin PBXFrameworksBuildPhase section */
		7C37D94E298745A80083117C /* Frameworks */ = {
			isa = PBXFrameworksBuildPhase;
			buildActionMask = 2147483647;
			files = (
			);
			runOnlyForDeploymentPostprocessing = 0;
		};
		7C37D960298745A80083117C /* Frameworks */ = {
			isa = PBXFrameworksBuildPhase;
			buildActionMask = 2147483647;
			files = (
			);
			runOnlyForDeploymentPostprocessing = 0;
		};
		7C37D96D298745A80083117C /* Frameworks */ = {
			isa = PBXFrameworksBuildPhase;
			buildActionMask = 2147483647;
			files = (
			);
			runOnlyForDeploymentPostprocessing = 0;
		};
		7C37D977298745A80083117C /* Frameworks */ = {
			isa = PBXFrameworksBuildPhase;
			buildActionMask = 2147483647;
			files = (
			);
			runOnlyForDeploymentPostprocessing = 0;
		};
/* End PBXFrameworksBuildPhase section */

/* Begin PBXGroup section */
		7C37D93D298745A70083117C = {
			isa = PBXGroup;
			children = (
				7C37D942298745A70083117C /* Shared (App) */,
				7C37D94B298745A80083117C /* Shared (Extension) */,
				7C37D953298745A80083117C /* iOS (App) */,
				7C37D964298745A80083117C /* macOS (App) */,
				7C37D974298745A80083117C /* iOS (Extension) */,
				7C37D97E298745A80083117C /* macOS (Extension) */,
				7C37D952298745A80083117C /* Products */,
			);
			sourceTree = "<group>";
		};
		7C37D942298745A70083117C /* Shared (App) */ = {
			isa = PBXGroup;
			children = (
				7C37D949298745A70083117C /* ViewController.swift */,
				7C37D94A298745A80083117C /* Assets.xcassets */,
				7C37D943298745A70083117C /* Resources */,
			);
			path = "Shared (App)";
			sourceTree = "<group>";
		};
		7C37D943298745A70083117C /* Resources */ = {
			isa = PBXGroup;
			children = (
				7C37D944298745A70083117C /* Main.html */,
				7C37D946298745A70083117C /* Icon.png */,
				7C37D947298745A70083117C /* Style.css */,
				7C37D948298745A70083117C /* Script.js */,
			);
			path = Resources;
			sourceTree = "<group>";
		};
		7C37D94B298745A80083117C /* Shared (Extension) */ = {
			isa = PBXGroup;
			children = (
				7C37D99F298745A80083117C /* Resources */,
				7C37D94C298745A80083117C /* SafariWebExtensionHandler.swift */,
			);
			path = "Shared (Extension)";
			sourceTree = "<group>";
		};
		7C37D952298745A80083117C /* Products */ = {
			isa = PBXGroup;
			children = (
				7C37D951298745A80083117C /* Search Assistant.app */,
				7C37D963298745A80083117C /* Search Assistant.app */,
				7C37D970298745A80083117C /* Search Assistant Extension.appex */,
				7C37D97A298745A80083117C /* Search Assistant Extension.appex */,
			);
			name = Products;
			sourceTree = "<group>";
		};
		7C37D953298745A80083117C /* iOS (App) */ = {
			isa = PBXGroup;
			children = (
				7C37D954298745A80083117C /* AppDelegate.swift */,
				7C37D956298745A80083117C /* SceneDelegate.swift */,
				7C37D958298745A80083117C /* LaunchScreen.storyboard */,
				7C37D95B298745A80083117C /* Main.storyboard */,
				7C37D95E298745A80083117C /* Info.plist */,
			);
			path = "iOS (App)";
			sourceTree = "<group>";
		};
		7C37D964298745A80083117C /* macOS (App) */ = {
			isa = PBXGroup;
			children = (
				7C37D965298745A80083117C /* AppDelegate.swift */,
				7C37D967298745A80083117C /* Main.storyboard */,
				7C37D96A298745A80083117C /* Info.plist */,
				7C37D96B298745A80083117C /* Search Assistant.entitlements */,
			);
			path = "macOS (App)";
			sourceTree = "<group>";
		};
		7C37D974298745A80083117C /* iOS (Extension) */ = {
			isa = PBXGroup;
			children = (
				7C37D975298745A80083117C /* Info.plist */,
			);
			path = "iOS (Extension)";
			sourceTree = "<group>";
		};
		7C37D97E298745A80083117C /* macOS (Extension) */ = {
			isa = PBXGroup;
			children = (
				7C37D97F298745A80083117C /* Info.plist */,
				7C37D980298745A80083117C /* Search Assistant.entitlements */,
			);
			path = "macOS (Extension)";
			sourceTree = "<group>";
		};
		7C37D99F298745A80083117C /* Resources */ = {
			isa = PBXGroup;
			children = (
				7C37D9A0298745A80083117C /* icon.png */,
				7C37D9A1298745A80083117C /* search-13-32.png */,
				7C37D9A2298745A80083117C /* popup.js */,
				7C37D9A3298745A80083117C /* popup.js.map */,
				7C37D9A4298745A80083117C /* background.js */,
				7C37D9A5298745A80083117C /* images */,
				7C37D9A6298745A80083117C /* vendors-node_modules_css-loader_dist_runtime_api_js-node_modules_css-loader_dist_runtime_sour-b53f7e.js.map */,
				7C37D9A7298745A80083117C /* popup.html */,
				7C37D9A8298745A80083117C /* vendors-node_modules_css-loader_dist_runtime_api_js-node_modules_css-loader_dist_runtime_sour-b53f7e.js */,
				7C37D9A9298745A80083117C /* options.js */,
				7C37D9AA298745A80083117C /* src_styles_tailwind_scss.js.map */,
				7C37D9AB298745A80083117C /* options.js.map */,
				7C37D9AC298745A80083117C /* vendors-node_modules_classnames_index_js-node_modules_webextension-polyfill_dist_browser-poly-ee8e6f.js */,
				7C37D9AD298745A80083117C /* src_styles_tailwind_scss.js */,
				7C37D9AE298745A80083117C /* vendors-node_modules_classnames_index_js-node_modules_webextension-polyfill_dist_browser-poly-ee8e6f.js.map */,
				7C37D9AF298745A80083117C /* search-13-48.png */,
				7C37D9B0298745A80083117C /* manifest.json */,
				7C37D9B1298745A80083117C /* search-13-128.png */,
				7C37D9B2298745A80083117C /* options.html */,
				7C37D9B3298745A80083117C /* background.js.map */,
				7C37D9B4298745A80083117C /* contentScript.js.map */,
				7C37D9B5298745A80083117C /* search-13-16.png */,
				7C37D9B6298745A80083117C /* contentScript.js */,
			);
			name = Resources;
			path = "Shared (Extension)";
			sourceTree = SOURCE_ROOT;
		};
/* End PBXGroup section */

/* Begin PBXNativeTarget section */
		7C37D950298745A80083117C /* Search Assistant (iOS) */ = {
			isa = PBXNativeTarget;
			buildConfigurationList = 7C37D995298745A80083117C /* Build configuration list for PBXNativeTarget "Search Assistant (iOS)" */;
			buildPhases = (
				7C37D94D298745A80083117C /* Sources */,
				7C37D94E298745A80083117C /* Frameworks */,
				7C37D94F298745A80083117C /* Resources */,
				7C37D994298745A80083117C /* Embed Foundation Extensions */,
			);
			buildRules = (
			);
			dependencies = (
				7C37D973298745A80083117C /* PBXTargetDependency */,
			);
			name = "Search Assistant (iOS)";
			productName = "Search Assistant (iOS)";
			productReference = 7C37D951298745A80083117C /* Search Assistant.app */;
			productType = "com.apple.product-type.application";
		};
		7C37D962298745A80083117C /* Search Assistant (macOS) */ = {
			isa = PBXNativeTarget;
			buildConfigurationList = 7C37D99C298745A80083117C /* Build configuration list for PBXNativeTarget "Search Assistant (macOS)" */;
			buildPhases = (
				7C37D95F298745A80083117C /* Sources */,
				7C37D960298745A80083117C /* Frameworks */,
				7C37D961298745A80083117C /* Resources */,
				7C37D99B298745A80083117C /* Embed Foundation Extensions */,
			);
			buildRules = (
			);
			dependencies = (
				7C37D97D298745A80083117C /* PBXTargetDependency */,
			);
			name = "Search Assistant (macOS)";
			productName = "Search Assistant (macOS)";
			productReference = 7C37D963298745A80083117C /* Search Assistant.app */;
			productType = "com.apple.product-type.application";
		};
		7C37D96F298745A80083117C /* Search Assistant Extension (iOS) */ = {
			isa = PBXNativeTarget;
			buildConfigurationList = 7C37D991298745A80083117C /* Build configuration list for PBXNativeTarget "Search Assistant Extension (iOS)" */;
			buildPhases = (
				7C37D96C298745A80083117C /* Sources */,
				7C37D96D298745A80083117C /* Frameworks */,
				7C37D96E298745A80083117C /* Resources */,
			);
			buildRules = (
			);
			dependencies = (
			);
			name = "Search Assistant Extension (iOS)";
			productName = "Search Assistant Extension (iOS)";
			productReference = 7C37D970298745A80083117C /* Search Assistant Extension.appex */;
			productType = "com.apple.product-type.app-extension";
		};
		7C37D979298745A80083117C /* Search Assistant Extension (macOS) */ = {
			isa = PBXNativeTarget;
			buildConfigurationList = 7C37D998298745A80083117C /* Build configuration list for PBXNativeTarget "Search Assistant Extension (macOS)" */;
			buildPhases = (
				7C37D976298745A80083117C /* Sources */,
				7C37D977298745A80083117C /* Frameworks */,
				7C37D978298745A80083117C /* Resources */,
			);
			buildRules = (
			);
			dependencies = (
			);
			name = "Search Assistant Extension (macOS)";
			productName = "Search Assistant Extension (macOS)";
			productReference = 7C37D97A298745A80083117C /* Search Assistant Extension.appex */;
			productType = "com.apple.product-type.app-extension";
		};
/* End PBXNativeTarget section */

/* Begin PBXProject section */
		7C37D93E298745A70083117C /* Project object */ = {
			isa = PBXProject;
			attributes = {
				BuildIndependentTargetsInParallel = 1;
				LastSwiftUpdateCheck = 1420;
				LastUpgradeCheck = 1420;
				TargetAttributes = {
					7C37D950298745A80083117C = {
						CreatedOnToolsVersion = 14.2;
					};
					7C37D962298745A80083117C = {
						CreatedOnToolsVersion = 14.2;
					};
					7C37D96F298745A80083117C = {
						CreatedOnToolsVersion = 14.2;
					};
					7C37D979298745A80083117C = {
						CreatedOnToolsVersion = 14.2;
					};
				};
			};
			buildConfigurationList = 7C37D941298745A70083117C /* Build configuration list for PBXProject "Search Assistant" */;
			compatibilityVersion = "Xcode 14.0";
			developmentRegion = en;
			hasScannedForEncodings = 0;
			knownRegions = (
				en,
				Base,
			);
			mainGroup = 7C37D93D298745A70083117C;
			productRefGroup = 7C37D952298745A80083117C /* Products */;
			projectDirPath = "";
			projectRoot = "";
			targets = (
				7C37D950298745A80083117C /* Search Assistant (iOS) */,
				7C37D962298745A80083117C /* Search Assistant (macOS) */,
				7C37D96F298745A80083117C /* Search Assistant Extension (iOS) */,
				7C37D979298745A80083117C /* Search Assistant Extension (macOS) */,
			);
		};
/* End PBXProject section */

/* Begin PBXResourcesBuildPhase section */
		7C37D94F298745A80083117C /* Resources */ = {
			isa = PBXResourcesBuildPhase;
			buildActionMask = 2147483647;
			files = (
				7C37D983298745A80083117C /* Icon.png in Resources */,
				7C37D95A298745A80083117C /* LaunchScreen.storyboard in Resources */,
				7C37D981298745A80083117C /* Main.html in Resources */,
				7C37D987298745A80083117C /* Script.js in Resources */,
				7C37D98B298745A80083117C /* Assets.xcassets in Resources */,
				7C37D95D298745A80083117C /* Main.storyboard in Resources */,
				7C37D985298745A80083117C /* Style.css in Resources */,
			);
			runOnlyForDeploymentPostprocessing = 0;
		};
		7C37D961298745A80083117C /* Resources */ = {
			isa = PBXResourcesBuildPhase;
			buildActionMask = 2147483647;
			files = (
				7C37D984298745A80083117C /* Icon.png in Resources */,
				7C37D986298745A80083117C /* Style.css in Resources */,
				7C37D969298745A80083117C /* Main.storyboard in Resources */,
				7C37D988298745A80083117C /* Script.js in Resources */,
				7C37D98C298745A80083117C /* Assets.xcassets in Resources */,
				7C37D982298745A80083117C /* Main.html in Resources */,
			);
			runOnlyForDeploymentPostprocessing = 0;
		};
		7C37D96E298745A80083117C /* Resources */ = {
			isa = PBXResourcesBuildPhase;
			buildActionMask = 2147483647;
			files = (
				7C37D9CB298745A80083117C /* images in Resources */,
				7C37D9D0298745A80083117C /* src_styles_tailwind_scss.js in Resources */,
				7C37D9CE298745A80083117C /* options.js in Resources */,
				7C37D9D3298745A80083117C /* search-13-128.png in Resources */,
				7C37D9D1298745A80083117C /* search-13-48.png in Resources */,
				7C37D9D2298745A80083117C /* manifest.json in Resources */,
				7C37D9CF298745A80083117C /* vendors-node_modules_classnames_index_js-node_modules_webextension-polyfill_dist_browser-poly-ee8e6f.js in Resources */,
				7C37D9D4298745A80083117C /* options.html in Resources */,
				7C37D9CD298745A80083117C /* vendors-node_modules_css-loader_dist_runtime_api_js-node_modules_css-loader_dist_runtime_sour-b53f7e.js in Resources */,
				7C37D9CC298745A80083117C /* popup.html in Resources */,
				7C37D9CA298745A80083117C /* background.js in Resources */,
				7C37D9D6298745A80083117C /* contentScript.js in Resources */,
				7C37D9D5298745A80083117C /* search-13-16.png in Resources */,
				7C37D9C8298745A80083117C /* search-13-32.png in Resources */,
				7C37D9C9298745A80083117C /* popup.js in Resources */,
				7C37D9C7298745A80083117C /* icon.png in Resources */,
			);
			runOnlyForDeploymentPostprocessing = 0;
		};
		7C37D978298745A80083117C /* Resources */ = {
			isa = PBXResourcesBuildPhase;
			buildActionMask = 2147483647;
			files = (
				7C37D9BB298745A80083117C /* images in Resources */,
				7C37D9C0298745A80083117C /* src_styles_tailwind_scss.js in Resources */,
				7C37D9BE298745A80083117C /* options.js in Resources */,
				7C37D9C3298745A80083117C /* search-13-128.png in Resources */,
				7C37D9C1298745A80083117C /* search-13-48.png in Resources */,
				7C37D9C2298745A80083117C /* manifest.json in Resources */,
				7C37D9BF298745A80083117C /* vendors-node_modules_classnames_index_js-node_modules_webextension-polyfill_dist_browser-poly-ee8e6f.js in Resources */,
				7C37D9C4298745A80083117C /* options.html in Resources */,
				7C37D9BD298745A80083117C /* vendors-node_modules_css-loader_dist_runtime_api_js-node_modules_css-loader_dist_runtime_sour-b53f7e.js in Resources */,
				7C37D9BC298745A80083117C /* popup.html in Resources */,
				7C37D9BA298745A80083117C /* background.js in Resources */,
				7C37D9C6298745A80083117C /* contentScript.js in Resources */,
				7C37D9C5298745A80083117C /* search-13-16.png in Resources */,
				7C37D9B8298745A80083117C /* search-13-32.png in Resources */,
				7C37D9B9298745A80083117C /* popup.js in Resources */,
				7C37D9B7298745A80083117C /* icon.png in Resources */,
			);
			runOnlyForDeploymentPostprocessing = 0;
		};
/* End PBXResourcesBuildPhase section */

/* Begin PBXSourcesBuildPhase section */
		7C37D94D298745A80083117C /* Sources */ = {
			isa = PBXSourcesBuildPhase;
			buildActionMask = 2147483647;
			files = (
				7C37D989298745A80083117C /* ViewController.swift in Sources */,
				7C37D955298745A80083117C /* AppDelegate.swift in Sources */,
				7C37D957298745A80083117C /* SceneDelegate.swift in Sources */,
			);
			runOnlyForDeploymentPostprocessing = 0;
		};
		7C37D95F298745A80083117C /* Sources */ = {
			isa = PBXSourcesBuildPhase;
			buildActionMask = 2147483647;
			files = (
				7C37D98A298745A80083117C /* ViewController.swift in Sources */,
				7C37D966298745A80083117C /* AppDelegate.swift in Sources */,
			);
			runOnlyForDeploymentPostprocessing = 0;
		};
		7C37D96C298745A80083117C /* Sources */ = {
			isa = PBXSourcesBuildPhase;
			buildActionMask = 2147483647;
			files = (
				7C37D98D298745A80083117C /* SafariWebExtensionHandler.swift in Sources */,
			);
			runOnlyForDeploymentPostprocessing = 0;
		};
		7C37D976298745A80083117C /* Sources */ = {
			isa = PBXSourcesBuildPhase;
			buildActionMask = 2147483647;
			files = (
				7C37D98E298745A80083117C /* SafariWebExtensionHandler.swift in Sources */,
			);
			runOnlyForDeploymentPostprocessing = 0;
		};
/* End PBXSourcesBuildPhase section */

/* Begin PBXTargetDependency section */
		7C37D973298745A80083117C /* PBXTargetDependency */ = {
			isa = PBXTargetDependency;
			target = 7C37D96F298745A80083117C /* Search Assistant Extension (iOS) */;
			targetProxy = 7C37D972298745A80083117C /* PBXContainerItemProxy */;
		};
		7C37D97D298745A80083117C /* PBXTargetDependency */ = {
			isa = PBXTargetDependency;
			target = 7C37D979298745A80083117C /* Search Assistant Extension (macOS) */;
			targetProxy = 7C37D97C298745A80083117C /* PBXContainerItemProxy */;
		};
/* End PBXTargetDependency section */

/* Begin PBXVariantGroup section */
		7C37D944298745A70083117C /* Main.html */ = {
			isa = PBXVariantGroup;
			children = (
				7C37D945298745A70083117C /* Base */,
			);
			name = Main.html;
			sourceTree = "<group>";
		};
		7C37D958298745A80083117C /* LaunchScreen.storyboard */ = {
			isa = PBXVariantGroup;
			children = (
				7C37D959298745A80083117C /* Base */,
			);
			name = LaunchScreen.storyboard;
			sourceTree = "<group>";
		};
		7C37D95B298745A80083117C /* Main.storyboard */ = {
			isa = PBXVariantGroup;
			children = (
				7C37D95C298745A80083117C /* Base */,
			);
			name = Main.storyboard;
			sourceTree = "<group>";
		};
		7C37D967298745A80083117C /* Main.storyboard */ = {
			isa = PBXVariantGroup;
			children = (
				7C37D968298745A80083117C /* Base */,
			);
			name = Main.storyboard;
			sourceTree = "<group>";
		};
/* End PBXVariantGroup section */

/* Begin XCBuildConfiguration section */
		7C37D98F298745A80083117C /* Debug */ = {
			isa = XCBuildConfiguration;
			buildSettings = {
				ALWAYS_SEARCH_USER_PATHS = NO;
				CLANG_ANALYZER_NONNULL = YES;
				CLANG_ANALYZER_NUMBER_OBJECT_CONVERSION = YES_AGGRESSIVE;
				CLANG_CXX_LANGUAGE_STANDARD = "gnu++20";
				CLANG_ENABLE_MODULES = YES;
				CLANG_ENABLE_OBJC_ARC = YES;
				CLANG_ENABLE_OBJC_WEAK = YES;
				CLANG_WARN_BLOCK_CAPTURE_AUTORELEASING = YES;
				CLANG_WARN_BOOL_CONVERSION = YES;
				CLANG_WARN_COMMA = YES;
				CLANG_WARN_CONSTANT_CONVERSION = YES;
				CLANG_WARN_DEPRECATED_OBJC_IMPLEMENTATIONS = YES;
				CLANG_WARN_DIRECT_OBJC_ISA_USAGE = YES_ERROR;
				CLANG_WARN_DOCUMENTATION_COMMENTS = YES;
				CLANG_WARN_EMPTY_BODY = YES;
				CLANG_WARN_ENUM_CONVERSION = YES;
				CLANG_WARN_INFINITE_RECURSION = YES;
				CLANG_WARN_INT_CONVERSION = YES;
				CLANG_WARN_NON_LITERAL_NULL_CONVERSION = YES;
				CLANG_WARN_OBJC_IMPLICIT_RETAIN_SELF = YES;
				CLANG_WARN_OBJC_LITERAL_CONVERSION = YES;
				CLANG_WARN_OBJC_ROOT_CLASS = YES_ERROR;
				CLANG_WARN_QUOTED_INCLUDE_IN_FRAMEWORK_HEADER = YES;
				CLANG_WARN_RANGE_LOOP_ANALYSIS = YES;
				CLANG_WARN_STRICT_PROTOTYPES = YES;
				CLANG_WARN_SUSPICIOUS_MOVE = YES;
				CLANG_WARN_UNGUARDED_AVAILABILITY = YES_AGGRESSIVE;
				CLANG_WARN_UNREACHABLE_CODE = YES;
				CLANG_WARN__DUPLICATE_METHOD_MATCH = YES;
				COPY_PHASE_STRIP = NO;
				DEBUG_INFORMATION_FORMAT = dwarf;
				ENABLE_STRICT_OBJC_MSGSEND = YES;
				ENABLE_TESTABILITY = YES;
				GCC_C_LANGUAGE_STANDARD = gnu11;
				GCC_DYNAMIC_NO_PIC = NO;
				GCC_NO_COMMON_BLOCKS = YES;
				GCC_OPTIMIZATION_LEVEL = 0;
				GCC_PREPROCESSOR_DEFINITIONS = (
					"DEBUG=1",
					"$(inherited)",
				);
				GCC_WARN_64_TO_32_BIT_CONVERSION = YES;
				GCC_WARN_ABOUT_RETURN_TYPE = YES_ERROR;
				GCC_WARN_UNDECLARED_SELECTOR = YES;
				GCC_WARN_UNINITIALIZED_AUTOS = YES_AGGRESSIVE;
				GCC_WARN_UNUSED_FUNCTION = YES;
				GCC_WARN_UNUSED_VARIABLE = YES;
				MTL_ENABLE_DEBUG_INFO = INCLUDE_SOURCE;
				MTL_FAST_MATH = YES;
				ONLY_ACTIVE_ARCH = YES;
				SWIFT_ACTIVE_COMPILATION_CONDITIONS = DEBUG;
				SWIFT_OPTIMIZATION_LEVEL = "-Onone";
			};
			name = Debug;
		};
		7C37D990298745A80083117C /* Release */ = {
			isa = XCBuildConfiguration;
			buildSettings = {
				ALWAYS_SEARCH_USER_PATHS = NO;
				CLANG_ANALYZER_NONNULL = YES;
				CLANG_ANALYZER_NUMBER_OBJECT_CONVERSION = YES_AGGRESSIVE;
				CLANG_CXX_LANGUAGE_STANDARD = "gnu++20";
				CLANG_ENABLE_MODULES = YES;
				CLANG_ENABLE_OBJC_ARC = YES;
				CLANG_ENABLE_OBJC_WEAK = YES;
				CLANG_WARN_BLOCK_CAPTURE_AUTORELEASING = YES;
				CLANG_WARN_BOOL_CONVERSION = YES;
				CLANG_WARN_COMMA = YES;
				CLANG_WARN_CONSTANT_CONVERSION = YES;
				CLANG_WARN_DEPRECATED_OBJC_IMPLEMENTATIONS = YES;
				CLANG_WARN_DIRECT_OBJC_ISA_USAGE = YES_ERROR;
				CLANG_WARN_DOCUMENTATION_COMMENTS = YES;
				CLANG_WARN_EMPTY_BODY = YES;
				CLANG_WARN_ENUM_CONVERSION = YES;
				CLANG_WARN_INFINITE_RECURSION = YES;
				CLANG_WARN_INT_CONVERSION = YES;
				CLANG_WARN_NON_LITERAL_NULL_CONVERSION = YES;
				CLANG_WARN_OBJC_IMPLICIT_RETAIN_SELF = YES;
				CLANG_WARN_OBJC_LITERAL_CONVERSION = YES;
				CLANG_WARN_OBJC_ROOT_CLASS = YES_ERROR;
				CLANG_WARN_QUOTED_INCLUDE_IN_FRAMEWORK_HEADER = YES;
				CLANG_WARN_RANGE_LOOP_ANALYSIS = YES;
				CLANG_WARN_STRICT_PROTOTYPES = YES;
				CLANG_WARN_SUSPICIOUS_MOVE = YES;
				CLANG_WARN_UNGUARDED_AVAILABILITY = YES_AGGRESSIVE;
				CLANG_WARN_UNREACHABLE_CODE = YES;
				CLANG_WARN__DUPLICATE_METHOD_MATCH = YES;
				COPY_PHASE_STRIP = NO;
				DEBUG_INFORMATION_FORMAT = "dwarf-with-dsym";
				ENABLE_NS_ASSERTIONS = NO;
				ENABLE_STRICT_OBJC_MSGSEND = YES;
				GCC_C_LANGUAGE_STANDARD = gnu11;
				GCC_NO_COMMON_BLOCKS = YES;
				GCC_WARN_64_TO_32_BIT_CONVERSION = YES;
				GCC_WARN_ABOUT_RETURN_TYPE = YES_ERROR;
				GCC_WARN_UNDECLARED_SELECTOR = YES;
				GCC_WARN_UNINITIALIZED_AUTOS = YES_AGGRESSIVE;
				GCC_WARN_UNUSED_FUNCTION = YES;
				GCC_WARN_UNUSED_VARIABLE = YES;
				MTL_ENABLE_DEBUG_INFO = NO;
				MTL_FAST_MATH = YES;
				SWIFT_COMPILATION_MODE = wholemodule;
				SWIFT_OPTIMIZATION_LEVEL = "-O";
			};
			name = Release;
		};
		7C37D992298745A80083117C /* Debug */ = {
			isa = XCBuildConfiguration;
			buildSettings = {
				CODE_SIGN_STYLE = Automatic;
				CURRENT_PROJECT_VERSION = 1;
				GENERATE_INFOPLIST_FILE = YES;
				INFOPLIST_FILE = "iOS (Extension)/Info.plist";
				INFOPLIST_KEY_CFBundleDisplayName = "Search Assistant Extension";
				INFOPLIST_KEY_NSHumanReadableCopyright = "";
				IPHONEOS_DEPLOYMENT_TARGET = 15.0;
				LD_RUNPATH_SEARCH_PATHS = (
					"$(inherited)",
					"@executable_path/Frameworks",
					"@executable_path/../../Frameworks",
				);
				MARKETING_VERSION = 1.0;
				OTHER_LDFLAGS = (
					"-framework",
					SafariServices,
				);
				PRODUCT_BUNDLE_IDENTIFIER = "com.yourCompany.Search-Assistant.Extension";
				PRODUCT_NAME = "Search Assistant Extension";
				SDKROOT = iphoneos;
				SKIP_INSTALL = YES;
				SWIFT_EMIT_LOC_STRINGS = YES;
				SWIFT_VERSION = 5.0;
				TARGETED_DEVICE_FAMILY = "1,2";
			};
			name = Debug;
		};
		7C37D993298745A80083117C /* Release */ = {
			isa = XCBuildConfiguration;
			buildSettings = {
				CODE_SIGN_STYLE = Automatic;
				CURRENT_PROJECT_VERSION = 1;
				GENERATE_INFOPLIST_FILE = YES;
				INFOPLIST_FILE = "iOS (Extension)/Info.plist";
				INFOPLIST_KEY_CFBundleDisplayName = "Search Assistant Extension";
				INFOPLIST_KEY_NSHumanReadableCopyright = "";
				IPHONEOS_DEPLOYMENT_TARGET = 15.0;
				LD_RUNPATH_SEARCH_PATHS = (
					"$(inherited)",
					"@executable_path/Frameworks",
					"@executable_path/../../Frameworks",
				);
				MARKETING_VERSION = 1.0;
				OTHER_LDFLAGS = (
					"-framework",
					SafariServices,
				);
				PRODUCT_BUNDLE_IDENTIFIER = "com.yourCompany.Search-Assistant.Extension";
				PRODUCT_NAME = "Search Assistant Extension";
				SDKROOT = iphoneos;
				SKIP_INSTALL = YES;
				SWIFT_EMIT_LOC_STRINGS = YES;
				SWIFT_VERSION = 5.0;
				TARGETED_DEVICE_FAMILY = "1,2";
				VALIDATE_PRODUCT = YES;
			};
			name = Release;
		};
		7C37D996298745A80083117C /* Debug */ = {
			isa = XCBuildConfiguration;
			buildSettings = {
				ALWAYS_EMBED_SWIFT_STANDARD_LIBRARIES = YES;
				ASSETCATALOG_COMPILER_APPICON_NAME = AppIcon;
				ASSETCATALOG_COMPILER_GLOBAL_ACCENT_COLOR_NAME = AccentColor;
				CODE_SIGN_STYLE = Automatic;
				CURRENT_PROJECT_VERSION = 1;
				GENERATE_INFOPLIST_FILE = YES;
				INFOPLIST_FILE = "iOS (App)/Info.plist";
				INFOPLIST_KEY_CFBundleDisplayName = "Search Assistant";
				INFOPLIST_KEY_UIApplicationSupportsIndirectInputEvents = YES;
				INFOPLIST_KEY_UILaunchStoryboardName = LaunchScreen;
				INFOPLIST_KEY_UIMainStoryboardFile = Main;
				INFOPLIST_KEY_UISupportedInterfaceOrientations = "UIInterfaceOrientationPortrait UIInterfaceOrientationLandscapeLeft UIInterfaceOrientationLandscapeRight";
				INFOPLIST_KEY_UISupportedInterfaceOrientations_iPad = "UIInterfaceOrientationPortrait UIInterfaceOrientationPortraitUpsideDown UIInterfaceOrientationLandscapeLeft UIInterfaceOrientationLandscapeRight";
				IPHONEOS_DEPLOYMENT_TARGET = 15.0;
				LD_RUNPATH_SEARCH_PATHS = (
					"$(inherited)",
					"@executable_path/Frameworks",
				);
				MARKETING_VERSION = 1.0;
				OTHER_LDFLAGS = (
					"-framework",
					SafariServices,
					"-framework",
					WebKit,
				);
				PRODUCT_BUNDLE_IDENTIFIER = "com.yourCompany.Search-Assistant";
				PRODUCT_NAME = "Search Assistant";
				SDKROOT = iphoneos;
				SWIFT_EMIT_LOC_STRINGS = YES;
				SWIFT_VERSION = 5.0;
				TARGETED_DEVICE_FAMILY = "1,2";
			};
			name = Debug;
		};
		7C37D997298745A80083117C /* Release */ = {
			isa = XCBuildConfiguration;
			buildSettings = {
				ALWAYS_EMBED_SWIFT_STANDARD_LIBRARIES = YES;
				ASSETCATALOG_COMPILER_APPICON_NAME = AppIcon;
				ASSETCATALOG_COMPILER_GLOBAL_ACCENT_COLOR_NAME = AccentColor;
				CODE_SIGN_STYLE = Automatic;
				CURRENT_PROJECT_VERSION = 1;
				GENERATE_INFOPLIST_FILE = YES;
				INFOPLIST_FILE = "iOS (App)/Info.plist";
				INFOPLIST_KEY_CFBundleDisplayName = "Search Assistant";
				INFOPLIST_KEY_UIApplicationSupportsIndirectInputEvents = YES;
				INFOPLIST_KEY_UILaunchStoryboardName = LaunchScreen;
				INFOPLIST_KEY_UIMainStoryboardFile = Main;
				INFOPLIST_KEY_UISupportedInterfaceOrientations = "UIInterfaceOrientationPortrait UIInterfaceOrientationLandscapeLeft UIInterfaceOrientationLandscapeRight";
				INFOPLIST_KEY_UISupportedInterfaceOrientations_iPad = "UIInterfaceOrientationPortrait UIInterfaceOrientationPortraitUpsideDown UIInterfaceOrientationLandscapeLeft UIInterfaceOrientationLandscapeRight";
				IPHONEOS_DEPLOYMENT_TARGET = 15.0;
				LD_RUNPATH_SEARCH_PATHS = (
					"$(inherited)",
					"@executable_path/Frameworks",
				);
				MARKETING_VERSION = 1.0;
				OTHER_LDFLAGS = (
					"-framework",
					SafariServices,
					"-framework",
					WebKit,
				);
				PRODUCT_BUNDLE_IDENTIFIER = "com.yourCompany.Search-Assistant";
				PRODUCT_NAME = "Search Assistant";
				SDKROOT = iphoneos;
				SWIFT_EMIT_LOC_STRINGS = YES;
				SWIFT_VERSION = 5.0;
				TARGETED_DEVICE_FAMILY = "1,2";
				VALIDATE_PRODUCT = YES;
			};
			name = Release;
		};
		7C37D999298745A80083117C /* Debug */ = {
			isa = XCBuildConfiguration;
			buildSettings = {
				CODE_SIGN_ENTITLEMENTS = "macOS (Extension)/Search Assistant.entitlements";
				CODE_SIGN_STYLE = Automatic;
				CURRENT_PROJECT_VERSION = 1;
				ENABLE_HARDENED_RUNTIME = YES;
				GENERATE_INFOPLIST_FILE = YES;
				INFOPLIST_FILE = "macOS (Extension)/Info.plist";
				INFOPLIST_KEY_CFBundleDisplayName = "Search Assistant Extension";
				INFOPLIST_KEY_NSHumanReadableCopyright = "";
				LD_RUNPATH_SEARCH_PATHS = (
					"$(inherited)",
					"@executable_path/../Frameworks",
					"@executable_path/../../../../Frameworks",
				);
				MACOSX_DEPLOYMENT_TARGET = 10.14;
				MARKETING_VERSION = 1.0;
				OTHER_LDFLAGS = (
					"-framework",
					SafariServices,
				);
				PRODUCT_BUNDLE_IDENTIFIER = "com.yourCompany.Search-Assistant.Extension";
				PRODUCT_NAME = "Search Assistant Extension";
				SDKROOT = macosx;
				SKIP_INSTALL = YES;
				SWIFT_EMIT_LOC_STRINGS = YES;
				SWIFT_VERSION = 5.0;
			};
			name = Debug;
		};
		7C37D99A298745A80083117C /* Release */ = {
			isa = XCBuildConfiguration;
			buildSettings = {
				CODE_SIGN_ENTITLEMENTS = "macOS (Extension)/Search Assistant.entitlements";
				CODE_SIGN_STYLE = Automatic;
				CURRENT_PROJECT_VERSION = 1;
				ENABLE_HARDENED_RUNTIME = YES;
				GENERATE_INFOPLIST_FILE = YES;
				INFOPLIST_FILE = "macOS (Extension)/Info.plist";
				INFOPLIST_KEY_CFBundleDisplayName = "Search Assistant Extension";
				INFOPLIST_KEY_NSHumanReadableCopyright = "";
				LD_RUNPATH_SEARCH_PATHS = (
					"$(inherited)",
					"@executable_path/../Frameworks",
					"@executable_path/../../../../Frameworks",
				);
				MACOSX_DEPLOYMENT_TARGET = 10.14;
				MARKETING_VERSION = 1.0;
				OTHER_LDFLAGS = (
					"-framework",
					SafariServices,
				);
				PRODUCT_BUNDLE_IDENTIFIER = "com.yourCompany.Search-Assistant.Extension";
				PRODUCT_NAME = "Search Assistant Extension";
				SDKROOT = macosx;
				SKIP_INSTALL = YES;
				SWIFT_EMIT_LOC_STRINGS = YES;
				SWIFT_VERSION = 5.0;
			};
			name = Release;
		};
		7C37D99D298745A80083117C /* Debug */ = {
			isa = XCBuildConfiguration;
			buildSettings = {
				ALWAYS_EMBED_SWIFT_STANDARD_LIBRARIES = YES;
				ASSETCATALOG_COMPILER_APPICON_NAME = AppIcon;
				ASSETCATALOG_COMPILER_GLOBAL_ACCENT_COLOR_NAME = AccentColor;
				CODE_SIGN_ENTITLEMENTS = "macOS (App)/Search Assistant.entitlements";
				CODE_SIGN_STYLE = Automatic;
				CURRENT_PROJECT_VERSION = 1;
				ENABLE_HARDENED_RUNTIME = YES;
				GENERATE_INFOPLIST_FILE = YES;
				INFOPLIST_FILE = "macOS (App)/Info.plist";
				INFOPLIST_KEY_CFBundleDisplayName = "Search Assistant";
				INFOPLIST_KEY_NSMainStoryboardFile = Main;
				INFOPLIST_KEY_NSPrincipalClass = NSApplication;
				LD_RUNPATH_SEARCH_PATHS = (
					"$(inherited)",
					"@executable_path/../Frameworks",
				);
				MACOSX_DEPLOYMENT_TARGET = 10.14;
				MARKETING_VERSION = 1.0;
				OTHER_LDFLAGS = (
					"-framework",
					SafariServices,
					"-framework",
					WebKit,
				);
				PRODUCT_BUNDLE_IDENTIFIER = "com.yourCompany.Search-Assistant";
				PRODUCT_NAME = "Search Assistant";
				SDKROOT = macosx;
				SWIFT_EMIT_LOC_STRINGS = YES;
				SWIFT_VERSION = 5.0;
			};
			name = Debug;
		};
		7C37D99E298745A80083117C /* Release */ = {
			isa = XCBuildConfiguration;
			buildSettings = {
				ALWAYS_EMBED_SWIFT_STANDARD_LIBRARIES = YES;
				ASSETCATALOG_COMPILER_APPICON_NAME = AppIcon;
				ASSETCATALOG_COMPILER_GLOBAL_ACCENT_COLOR_NAME = AccentColor;
				CODE_SIGN_ENTITLEMENTS = "macOS (App)/Search Assistant.entitlements";
				CODE_SIGN_STYLE = Automatic;
				CURRENT_PROJECT_VERSION = 1;
				ENABLE_HARDENED_RUNTIME = YES;
				GENERATE_INFOPLIST_FILE = YES;
				INFOPLIST_FILE = "macOS (App)/Info.plist";
				INFOPLIST_KEY_CFBundleDisplayName = "Search Assistant";
				INFOPLIST_KEY_NSMainStoryboardFile = Main;
				INFOPLIST_KEY_NSPrincipalClass = NSApplication;
				LD_RUNPATH_SEARCH_PATHS = (
					"$(inherited)",
					"@executable_path/../Frameworks",
				);
				MACOSX_DEPLOYMENT_TARGET = 10.14;
				MARKETING_VERSION = 1.0;
				OTHER_LDFLAGS = (
					"-framework",
					SafariServices,
					"-framework",
					WebKit,
				);
				PRODUCT_BUNDLE_IDENTIFIER = "com.yourCompany.Search-Assistant";
				PRODUCT_NAME = "Search Assistant";
				SDKROOT = macosx;
				SWIFT_EMIT_LOC_STRINGS = YES;
				SWIFT_VERSION = 5.0;
			};
			name = Release;
		};
/* End XCBuildConfiguration section */

/* Begin XCConfigurationList section */
		7C37D941298745A70083117C /* Build configuration list for PBXProject "Search Assistant" */ = {
			isa = XCConfigurationList;
			buildConfigurations = (
				7C37D98F298745A80083117C /* Debug */,
				7C37D990298745A80083117C /* Release */,
			);
			defaultConfigurationIsVisible = 0;
			defaultConfigurationName = Release;
		};
		7C37D991298745A80083117C /* Build configuration list for PBXNativeTarget "Search Assistant Extension (iOS)" */ = {
			isa = XCConfigurationList;
			buildConfigurations = (
				7C37D992298745A80083117C /* Debug */,
				7C37D993298745A80083117C /* Release */,
			);
			defaultConfigurationIsVisible = 0;
			defaultConfigurationName = Release;
		};
		7C37D995298745A80083117C /* Build configuration list for PBXNativeTarget "Search Assistant (iOS)" */ = {
			isa = XCConfigurationList;
			buildConfigurations = (
				7C37D996298745A80083117C /* Debug */,
				7C37D997298745A80083117C /* Release */,
			);
			defaultConfigurationIsVisible = 0;
			defaultConfigurationName = Release;
		};
		7C37D998298745A80083117C /* Build configuration list for PBXNativeTarget "Search Assistant Extension (macOS)" */ = {
			isa = XCConfigurationList;
			buildConfigurations = (
				7C37D999298745A80083117C /* Debug */,
				7C37D99A298745A80083117C /* Release */,
			);
			defaultConfigurationIsVisible = 0;
			defaultConfigurationName = Release;
		};
		7C37D99C298745A80083117C /* Build configuration list for PBXNativeTarget "Search Assistant (macOS)" */ = {
			isa = XCConfigurationList;
			buildConfigurations = (
				7C37D99D298745A80083117C /* Debug */,
				7C37D99E298745A80083117C /* Release */,
			);
			defaultConfigurationIsVisible = 0;
			defaultConfigurationName = Release;
		};
/* End XCConfigurationList section */
	};
	rootObject = 7C37D93E298745A70083117C /* Project object */;
}
